// !$*UTF8*$!
{
	archiveVersion = 1;
	classes = {
	};
	objectVersion = 46;
	objects = {

/* Begin PBXBuildFile section */
		21068A3A1AE555DB007398B5 /* Utils.swift in Sources */ = {isa = PBXBuildFile; fileRef = 21068A391AE555DB007398B5 /* Utils.swift */; };
		210DD8141AE3CAF90092DD39 /* sprites.atlas in Resources */ = {isa = PBXBuildFile; fileRef = 210DD8131AE3CAF90092DD39 /* sprites.atlas */; };
		210DD8161AE3CBAA0092DD39 /* Explosion.swift in Sources */ = {isa = PBXBuildFile; fileRef = 210DD8151AE3CBAA0092DD39 /* Explosion.swift */; };
		211243611AEAE070006B5487 /* Rock.png in Resources */ = {isa = PBXBuildFile; fileRef = 211243601AEAE070006B5487 /* Rock.png */; };
		211243631AEAE07A006B5487 /* Explosion.sks in Resources */ = {isa = PBXBuildFile; fileRef = 211243621AEAE07A006B5487 /* Explosion.sks */; };
		211243651AEAF1D3006B5487 /* CrystalRepresentation.sks in Resources */ = {isa = PBXBuildFile; fileRef = 211243641AEAF1D3006B5487 /* CrystalRepresentation.sks */; };
		2118AD0B1AFFE88100067348 /* GameMainViewController.swift in Sources */ = {isa = PBXBuildFile; fileRef = 2118AD0A1AFFE88100067348 /* GameMainViewController.swift */; };
		2118AD0D1B00B14C00067348 /* RoundCornerButton.swift in Sources */ = {isa = PBXBuildFile; fileRef = 2118AD0C1B00B14C00067348 /* RoundCornerButton.swift */; };
		215A5D231AD67B5D00F136D3 /* AsteroidManager.swift in Sources */ = {isa = PBXBuildFile; fileRef = 215A5D221AD67B5D00F136D3 /* AsteroidManager.swift */; };
		21689F651ADAD696001456D6 /* BGStarts.sks in Resources */ = {isa = PBXBuildFile; fileRef = 21689F641ADAD696001456D6 /* BGStarts.sks */; };
		217340FE1AFE5267009E934A /* GameOverViewController.swift in Sources */ = {isa = PBXBuildFile; fileRef = 217340FD1AFE5267009E934A /* GameOverViewController.swift */; };
		217341001AFE54AB009E934A /* GameOverScene.sks in Resources */ = {isa = PBXBuildFile; fileRef = 217340FF1AFE54AB009E934A /* GameOverScene.sks */; };
		217341021AFE54C1009E934A /* GameOverScene.swift in Sources */ = {isa = PBXBuildFile; fileRef = 217341011AFE54C1009E934A /* GameOverScene.swift */; };
		217341041AFE5674009E934A /* lose.wav in Resources */ = {isa = PBXBuildFile; fileRef = 217341031AFE5674009E934A /* lose.wav */; };
		21803C581ADC189D00DDC5ED /* star.png in Resources */ = {isa = PBXBuildFile; fileRef = 21803C571ADC189D00DDC5ED /* star.png */; };
		2192CCE01AF6567E00518F97 /* Spawn.sks in Resources */ = {isa = PBXBuildFile; fileRef = 2192CCDF1AF6567E00518F97 /* Spawn.sks */; };
		2192CCE21AF6574800518F97 /* realStar.png in Resources */ = {isa = PBXBuildFile; fileRef = 2192CCE11AF6574800518F97 /* realStar.png */; };
		2199B6851AE3FF2B00DDDB9F /* explosion_large.wav in Resources */ = {isa = PBXBuildFile; fileRef = 2199B6831AE3FF2B00DDDB9F /* explosion_large.wav */; };
		2199B6861AE3FF2B00DDDB9F /* explosion_small.wav in Resources */ = {isa = PBXBuildFile; fileRef = 2199B6841AE3FF2B00DDDB9F /* explosion_small.wav */; };
		2199B6881AE3FF7700DDDB9F /* SoundManager.swift in Sources */ = {isa = PBXBuildFile; fileRef = 2199B6871AE3FF7700DDDB9F /* SoundManager.swift */; };
		2199B68B1AE4474D00DDDB9F /* CGVector+Extensions.swift in Sources */ = {isa = PBXBuildFile; fileRef = 2199B68A1AE4474D00DDDB9F /* CGVector+Extensions.swift */; };
		219A6D231AFABCC400A63E7F /* HUDNode.swift in Sources */ = {isa = PBXBuildFile; fileRef = 219A6D221AFABCC400A63E7F /* HUDNode.swift */; };
		21A74E511AE0F6E00005334D /* trash.atlas in Resources */ = {isa = PBXBuildFile; fileRef = 21A74E501AE0F6E00005334D /* trash.atlas */; };
		21BF7A631ADF15A5003F9B93 /* AsteroidGenerator.swift in Sources */ = {isa = PBXBuildFile; fileRef = 21BF7A621ADF15A5003F9B93 /* AsteroidGenerator.swift */; };
		21DC553D1AF42DB60083210D /* Sparky.sks in Resources */ = {isa = PBXBuildFile; fileRef = 21DC553C1AF42DB60083210D /* Sparky.sks */; };
		21DEA0D11AFD1893004FF5D7 /* AnalogControl.swift in Sources */ = {isa = PBXBuildFile; fileRef = 21DEA0D01AFD1893004FF5D7 /* AnalogControl.swift */; };
		21DEA0D51AFD3037004FF5D7 /* Game_Robot.ttf in Resources */ = {isa = PBXBuildFile; fileRef = 21DEA0D41AFD3037004FF5D7 /* Game_Robot.ttf */; };
		21E56B2E1ADA93BB0071A217 /* Engine.sks in Resources */ = {isa = PBXBuildFile; fileRef = 21E56B2C1ADA93BB0071A217 /* Engine.sks */; };
		21E56B2F1ADA93BB0071A217 /* spark.png in Resources */ = {isa = PBXBuildFile; fileRef = 21E56B2D1ADA93BB0071A217 /* spark.png */; };
		21E56B321ADA9C2A0071A217 /* Player.swift in Sources */ = {isa = PBXBuildFile; fileRef = 21E56B311ADA9C2A0071A217 /* Player.swift */; };
		21E56B351ADA9D8F0071A217 /* Images.xcassets in Resources */ = {isa = PBXBuildFile; fileRef = 21E56B341ADA9D8F0071A217 /* Images.xcassets */; };
		21F0FFA51AED09AC00C2BDB6 /* DirectRope.swift in Sources */ = {isa = PBXBuildFile; fileRef = 21F0FFA41AED09AC00C2BDB6 /* DirectRope.swift */; };
		21F0FFA81AED1A9000C2BDB6 /* RopeJointAsteroids.swift in Sources */ = {isa = PBXBuildFile; fileRef = 21F0FFA71AED1A9000C2BDB6 /* RopeJointAsteroids.swift */; };
		21FC6D7C1AEC0457001D99B6 /* Rope.swift in Sources */ = {isa = PBXBuildFile; fileRef = 21FC6D7B1AEC0457001D99B6 /* Rope.swift */; };
		21FFA04B1AE697A700EF3EDC /* ProgressTimerNode.swift in Sources */ = {isa = PBXBuildFile; fileRef = 21FFA04A1AE697A700EF3EDC /* ProgressTimerNode.swift */; };
		21FFA04D1AE69A6900EF3EDC /* DigitNode.swift in Sources */ = {isa = PBXBuildFile; fileRef = 21FFA04C1AE69A6900EF3EDC /* DigitNode.swift */; };
		21FFA04F1AE6EAAE00EF3EDC /* RegularAsteroid.swift in Sources */ = {isa = PBXBuildFile; fileRef = 21FFA04E1AE6EAAE00EF3EDC /* RegularAsteroid.swift */; };
		21FFEAE91AD5E216000115F6 /* AppDelegate.swift in Sources */ = {isa = PBXBuildFile; fileRef = 21FFEAE81AD5E216000115F6 /* AppDelegate.swift */; };
		21FFEAEB1AD5E216000115F6 /* GameScene.sks in Resources */ = {isa = PBXBuildFile; fileRef = 21FFEAEA1AD5E216000115F6 /* GameScene.sks */; };
		21FFEAED1AD5E216000115F6 /* GameScene.swift in Sources */ = {isa = PBXBuildFile; fileRef = 21FFEAEC1AD5E216000115F6 /* GameScene.swift */; };
		21FFEAEF1AD5E216000115F6 /* GameViewController.swift in Sources */ = {isa = PBXBuildFile; fileRef = 21FFEAEE1AD5E216000115F6 /* GameViewController.swift */; };
		21FFEAF21AD5E216000115F6 /* Main.storyboard in Resources */ = {isa = PBXBuildFile; fileRef = 21FFEAF01AD5E216000115F6 /* Main.storyboard */; };
		21FFEAF71AD5E216000115F6 /* LaunchScreen.xib in Resources */ = {isa = PBXBuildFile; fileRef = 21FFEAF51AD5E216000115F6 /* LaunchScreen.xib */; };
		21FFEB031AD5E216000115F6 /* JackACrasherTests.swift in Sources */ = {isa = PBXBuildFile; fileRef = 21FFEB021AD5E216000115F6 /* JackACrasherTests.swift */; };
/* End PBXBuildFile section */

/* Begin PBXContainerItemProxy section */
		21FFEAFD1AD5E216000115F6 /* PBXContainerItemProxy */ = {
			isa = PBXContainerItemProxy;
			containerPortal = 21FFEADB1AD5E216000115F6 /* Project object */;
			proxyType = 1;
			remoteGlobalIDString = 21FFEAE21AD5E216000115F6;
			remoteInfo = JackACrasher;
		};
/* End PBXContainerItemProxy section */

/* Begin PBXFileReference section */
		21068A391AE555DB007398B5 /* Utils.swift */ = {isa = PBXFileReference; fileEncoding = 4; lastKnownFileType = sourcecode.swift; name = Utils.swift; path = Utils/Utils.swift; sourceTree = "<group>"; };
		210DD8131AE3CAF90092DD39 /* sprites.atlas */ = {isa = PBXFileReference; lastKnownFileType = folder.skatlas; path = sprites.atlas; sourceTree = "<group>"; };
		210DD8151AE3CBAA0092DD39 /* Explosion.swift */ = {isa = PBXFileReference; fileEncoding = 4; lastKnownFileType = sourcecode.swift; name = Explosion.swift; path = Entities/Explosion.swift; sourceTree = "<group>"; };
		211243601AEAE070006B5487 /* Rock.png */ = {isa = PBXFileReference; lastKnownFileType = image.png; path = Rock.png; sourceTree = "<group>"; };
		211243621AEAE07A006B5487 /* Explosion.sks */ = {isa = PBXFileReference; lastKnownFileType = file.sks; path = Explosion.sks; sourceTree = "<group>"; };
		211243641AEAF1D3006B5487 /* CrystalRepresentation.sks */ = {isa = PBXFileReference; lastKnownFileType = file.sks; path = CrystalRepresentation.sks; sourceTree = "<group>"; };
		2118AD0A1AFFE88100067348 /* GameMainViewController.swift */ = {isa = PBXFileReference; fileEncoding = 4; lastKnownFileType = sourcecode.swift; name = GameMainViewController.swift; path = ViewControllers/GameMainViewController.swift; sourceTree = "<group>"; };
		2118AD0C1B00B14C00067348 /* RoundCornerButton.swift */ = {isa = PBXFileReference; fileEncoding = 4; lastKnownFileType = sourcecode.swift; name = RoundCornerButton.swift; path = Views/RoundCornerButton.swift; sourceTree = "<group>"; };
		215A5D221AD67B5D00F136D3 /* AsteroidManager.swift */ = {isa = PBXFileReference; fileEncoding = 4; lastKnownFileType = sourcecode.swift; name = AsteroidManager.swift; path = Model/AsteroidManager.swift; sourceTree = "<group>"; };
		21689F641ADAD696001456D6 /* BGStarts.sks */ = {isa = PBXFileReference; lastKnownFileType = file.sks; name = BGStarts.sks; path = JackACrasher/Particles/BGStarts.sks; sourceTree = "<group>"; };
		217340FD1AFE5267009E934A /* GameOverViewController.swift */ = {isa = PBXFileReference; fileEncoding = 4; lastKnownFileType = sourcecode.swift; name = GameOverViewController.swift; path = ViewControllers/GameOverViewController.swift; sourceTree = "<group>"; };
		217340FF1AFE54AB009E934A /* GameOverScene.sks */ = {isa = PBXFileReference; lastKnownFileType = file.sks; name = GameOverScene.sks; path = Scenes/GameOverScene.sks; sourceTree = "<group>"; };
		217341011AFE54C1009E934A /* GameOverScene.swift */ = {isa = PBXFileReference; fileEncoding = 4; lastKnownFileType = sourcecode.swift; name = GameOverScene.swift; path = Scenes/GameOverScene.swift; sourceTree = "<group>"; };
		217341031AFE5674009E934A /* lose.wav */ = {isa = PBXFileReference; lastKnownFileType = audio.wav; path = lose.wav; sourceTree = "<group>"; };
		21803C571ADC189D00DDC5ED /* star.png */ = {isa = PBXFileReference; lastKnownFileType = image.png; path = star.png; sourceTree = "<group>"; };
		2192CCDF1AF6567E00518F97 /* Spawn.sks */ = {isa = PBXFileReference; lastKnownFileType = file.sks; path = Spawn.sks; sourceTree = "<group>"; };
		2192CCE11AF6574800518F97 /* realStar.png */ = {isa = PBXFileReference; lastKnownFileType = image.png; path = realStar.png; sourceTree = "<group>"; };
		2199B6831AE3FF2B00DDDB9F /* explosion_large.wav */ = {isa = PBXFileReference; lastKnownFileType = audio.wav; name = explosion_large.wav; path = Sounds/explosion_large.wav; sourceTree = "<group>"; };
		2199B6841AE3FF2B00DDDB9F /* explosion_small.wav */ = {isa = PBXFileReference; lastKnownFileType = audio.wav; name = explosion_small.wav; path = Sounds/explosion_small.wav; sourceTree = "<group>"; };
		2199B6871AE3FF7700DDDB9F /* SoundManager.swift */ = {isa = PBXFileReference; fileEncoding = 4; lastKnownFileType = sourcecode.swift; name = SoundManager.swift; path = Model/SoundManager.swift; sourceTree = "<group>"; };
		2199B68A1AE4474D00DDDB9F /* CGVector+Extensions.swift */ = {isa = PBXFileReference; fileEncoding = 4; lastKnownFileType = sourcecode.swift; name = "CGVector+Extensions.swift"; path = "Utils/CGVector+Extensions.swift"; sourceTree = "<group>"; };
		219A6D221AFABCC400A63E7F /* HUDNode.swift */ = {isa = PBXFileReference; fileEncoding = 4; lastKnownFileType = sourcecode.swift; name = HUDNode.swift; path = HUD/HUDNode.swift; sourceTree = "<group>"; };
		21A74E501AE0F6E00005334D /* trash.atlas */ = {isa = PBXFileReference; lastKnownFileType = folder.skatlas; path = trash.atlas; sourceTree = "<group>"; };
		21BF7A621ADF15A5003F9B93 /* AsteroidGenerator.swift */ = {isa = PBXFileReference; fileEncoding = 4; lastKnownFileType = sourcecode.swift; name = AsteroidGenerator.swift; path = Model/AsteroidGenerator.swift; sourceTree = "<group>"; };
		21DC553C1AF42DB60083210D /* Sparky.sks */ = {isa = PBXFileReference; lastKnownFileType = file.sks; path = Sparky.sks; sourceTree = "<group>"; };
		21DEA0D01AFD1893004FF5D7 /* AnalogControl.swift */ = {isa = PBXFileReference; fileEncoding = 4; lastKnownFileType = sourcecode.swift; name = AnalogControl.swift; path = Views/AnalogControl.swift; sourceTree = "<group>"; };
		21DEA0D41AFD3037004FF5D7 /* Game_Robot.ttf */ = {isa = PBXFileReference; lastKnownFileType = file; path = Game_Robot.ttf; sourceTree = "<group>"; };
		21E56B2C1ADA93BB0071A217 /* Engine.sks */ = {isa = PBXFileReference; lastKnownFileType = file.sks; name = Engine.sks; path = JackACrasher/Particles/Engine.sks; sourceTree = "<group>"; };
		21E56B2D1ADA93BB0071A217 /* spark.png */ = {isa = PBXFileReference; lastKnownFileType = image.png; name = spark.png; path = JackACrasher/Particles/spark.png; sourceTree = "<group>"; };
		21E56B311ADA9C2A0071A217 /* Player.swift */ = {isa = PBXFileReference; fileEncoding = 4; lastKnownFileType = sourcecode.swift; name = Player.swift; path = Entities/Player.swift; sourceTree = "<group>"; };
		21E56B341ADA9D8F0071A217 /* Images.xcassets */ = {isa = PBXFileReference; lastKnownFileType = folder.assetcatalog; path = Images.xcassets; sourceTree = "<group>"; };
		21F0FFA41AED09AC00C2BDB6 /* DirectRope.swift */ = {isa = PBXFileReference; fileEncoding = 4; lastKnownFileType = sourcecode.swift; name = DirectRope.swift; path = Entities/DirectRope.swift; sourceTree = "<group>"; };
		21F0FFA71AED1A9000C2BDB6 /* RopeJointAsteroids.swift */ = {isa = PBXFileReference; fileEncoding = 4; lastKnownFileType = sourcecode.swift; name = RopeJointAsteroids.swift; path = Entities/RopeJointAsteroids.swift; sourceTree = "<group>"; };
		21FC6D7B1AEC0457001D99B6 /* Rope.swift */ = {isa = PBXFileReference; fileEncoding = 4; lastKnownFileType = sourcecode.swift; name = Rope.swift; path = Entities/Rope.swift; sourceTree = "<group>"; };
		21FFA04A1AE697A700EF3EDC /* ProgressTimerNode.swift */ = {isa = PBXFileReference; fileEncoding = 4; lastKnownFileType = sourcecode.swift; name = ProgressTimerNode.swift; path = Entities/ProgressTimerNode.swift; sourceTree = "<group>"; };
		21FFA04C1AE69A6900EF3EDC /* DigitNode.swift */ = {isa = PBXFileReference; fileEncoding = 4; lastKnownFileType = sourcecode.swift; name = DigitNode.swift; path = Entities/DigitNode.swift; sourceTree = "<group>"; };
		21FFA04E1AE6EAAE00EF3EDC /* RegularAsteroid.swift */ = {isa = PBXFileReference; fileEncoding = 4; lastKnownFileType = sourcecode.swift; name = RegularAsteroid.swift; path = Entities/RegularAsteroid.swift; sourceTree = "<group>"; };
		21FFEAE31AD5E216000115F6 /* JackACrasher.app */ = {isa = PBXFileReference; explicitFileType = wrapper.application; includeInIndex = 0; path = JackACrasher.app; sourceTree = BUILT_PRODUCTS_DIR; };
		21FFEAE71AD5E216000115F6 /* Info.plist */ = {isa = PBXFileReference; lastKnownFileType = text.plist.xml; path = Info.plist; sourceTree = "<group>"; };
		21FFEAE81AD5E216000115F6 /* AppDelegate.swift */ = {isa = PBXFileReference; lastKnownFileType = sourcecode.swift; path = AppDelegate.swift; sourceTree = "<group>"; };
		21FFEAEA1AD5E216000115F6 /* GameScene.sks */ = {isa = PBXFileReference; lastKnownFileType = file.sks; path = GameScene.sks; sourceTree = "<group>"; };
		21FFEAEC1AD5E216000115F6 /* GameScene.swift */ = {isa = PBXFileReference; lastKnownFileType = sourcecode.swift; path = GameScene.swift; sourceTree = "<group>"; };
		21FFEAEE1AD5E216000115F6 /* GameViewController.swift */ = {isa = PBXFileReference; lastKnownFileType = sourcecode.swift; path = GameViewController.swift; sourceTree = "<group>"; };
		21FFEAF11AD5E216000115F6 /* Base */ = {isa = PBXFileReference; lastKnownFileType = file.storyboard; name = Base; path = Base.lproj/Main.storyboard; sourceTree = "<group>"; };
		21FFEAF61AD5E216000115F6 /* Base */ = {isa = PBXFileReference; lastKnownFileType = file.xib; name = Base; path = Base.lproj/LaunchScreen.xib; sourceTree = "<group>"; };
		21FFEAFC1AD5E216000115F6 /* JackACrasherTests.xctest */ = {isa = PBXFileReference; explicitFileType = wrapper.cfbundle; includeInIndex = 0; path = JackACrasherTests.xctest; sourceTree = BUILT_PRODUCTS_DIR; };
		21FFEB011AD5E216000115F6 /* Info.plist */ = {isa = PBXFileReference; lastKnownFileType = text.plist.xml; path = Info.plist; sourceTree = "<group>"; };
		21FFEB021AD5E216000115F6 /* JackACrasherTests.swift */ = {isa = PBXFileReference; lastKnownFileType = sourcecode.swift; path = JackACrasherTests.swift; sourceTree = "<group>"; };
/* End PBXFileReference section */

/* Begin PBXFrameworksBuildPhase section */
		21FFEAE01AD5E216000115F6 /* Frameworks */ = {
			isa = PBXFrameworksBuildPhase;
			buildActionMask = 2147483647;
			files = (
			);
			runOnlyForDeploymentPostprocessing = 0;
		};
		21FFEAF91AD5E216000115F6 /* Frameworks */ = {
			isa = PBXFrameworksBuildPhase;
			buildActionMask = 2147483647;
			files = (
			);
			runOnlyForDeploymentPostprocessing = 0;
		};
/* End PBXFrameworksBuildPhase section */

/* Begin PBXGroup section */
		215A5D211AD6792B00F136D3 /* Model */ = {
			isa = PBXGroup;
			children = (
				215A5D221AD67B5D00F136D3 /* AsteroidManager.swift */,
				21BF7A621ADF15A5003F9B93 /* AsteroidGenerator.swift */,
				2199B6871AE3FF7700DDDB9F /* SoundManager.swift */,
			);
			name = Model;
			sourceTree = "<group>";
		};
		217340FB1AFE5124009E934A /* Scenes */ = {
			isa = PBXGroup;
			children = (
				21FFEAEA1AD5E216000115F6 /* GameScene.sks */,
				21FFEAEC1AD5E216000115F6 /* GameScene.swift */,
				217340FF1AFE54AB009E934A /* GameOverScene.sks */,
				217341011AFE54C1009E934A /* GameOverScene.swift */,
			);
			name = Scenes;
			sourceTree = "<group>";
		};
		217340FC1AFE5211009E934A /* ViewControllers */ = {
			isa = PBXGroup;
			children = (
				21FFEAEE1AD5E216000115F6 /* GameViewController.swift */,
				217340FD1AFE5267009E934A /* GameOverViewController.swift */,
				2118AD0A1AFFE88100067348 /* GameMainViewController.swift */,
			);
			name = ViewControllers;
			sourceTree = "<group>";
		};
		2199B6801AE3FC9500DDDB9F /* Atlases */ = {
			isa = PBXGroup;
			children = (
				21A74E501AE0F6E00005334D /* trash.atlas */,
				210DD8131AE3CAF90092DD39 /* sprites.atlas */,
			);
			name = Atlases;
			sourceTree = "<group>";
		};
		2199B6821AE3FEF100DDDB9F /* Sounds */ = {
			isa = PBXGroup;
			children = (
				217341031AFE5674009E934A /* lose.wav */,
				2199B6831AE3FF2B00DDDB9F /* explosion_large.wav */,
				2199B6841AE3FF2B00DDDB9F /* explosion_small.wav */,
			);
			name = Sounds;
			sourceTree = "<group>";
		};
		2199B6891AE4470100DDDB9F /* Utils */ = {
			isa = PBXGroup;
			children = (
				2199B68A1AE4474D00DDDB9F /* CGVector+Extensions.swift */,
				21068A391AE555DB007398B5 /* Utils.swift */,
			);
			name = Utils;
			sourceTree = "<group>";
		};
		219A6D211AFABCA300A63E7F /* HUD */ = {
			isa = PBXGroup;
			children = (
				219A6D221AFABCC400A63E7F /* HUDNode.swift */,
			);
			name = HUD;
			sourceTree = "<group>";
		};
		21DEA0CF1AFD1761004FF5D7 /* Views */ = {
			isa = PBXGroup;
			children = (
				21DEA0D01AFD1893004FF5D7 /* AnalogControl.swift */,
				2118AD0C1B00B14C00067348 /* RoundCornerButton.swift */,
			);
			name = Views;
			sourceTree = "<group>";
		};
		21E56B301ADA93C10071A217 /* Particles */ = {
			isa = PBXGroup;
			children = (
				2192CCE11AF6574800518F97 /* realStar.png */,
				2192CCDF1AF6567E00518F97 /* Spawn.sks */,
				211243641AEAF1D3006B5487 /* CrystalRepresentation.sks */,
				211243621AEAE07A006B5487 /* Explosion.sks */,
				211243601AEAE070006B5487 /* Rock.png */,
				21803C571ADC189D00DDC5ED /* star.png */,
				21E56B2C1ADA93BB0071A217 /* Engine.sks */,
				21DC553C1AF42DB60083210D /* Sparky.sks */,
				21E56B2D1ADA93BB0071A217 /* spark.png */,
				21689F641ADAD696001456D6 /* BGStarts.sks */,
			);
			name = Particles;
			path = ..;
			sourceTree = "<group>";
		};
		21E56B331ADA9C2E0071A217 /* Entities */ = {
			isa = PBXGroup;
			children = (
				21E56B311ADA9C2A0071A217 /* Player.swift */,
				210DD8151AE3CBAA0092DD39 /* Explosion.swift */,
				21F0FFA91AED1A9C00C2BDB6 /* TextOnAsteroid */,
				21F0FFA71AED1A9000C2BDB6 /* RopeJointAsteroids.swift */,
				21FFA04E1AE6EAAE00EF3EDC /* RegularAsteroid.swift */,
				21F0FFA61AED09B300C2BDB6 /* Rope */,
			);
			name = Entities;
			sourceTree = "<group>";
		};
		21F0FFA61AED09B300C2BDB6 /* Rope */ = {
			isa = PBXGroup;
			children = (
				21FC6D7B1AEC0457001D99B6 /* Rope.swift */,
				21F0FFA41AED09AC00C2BDB6 /* DirectRope.swift */,
			);
			name = Rope;
			sourceTree = "<group>";
		};
		21F0FFA91AED1A9C00C2BDB6 /* TextOnAsteroid */ = {
			isa = PBXGroup;
			children = (
				21FFA04A1AE697A700EF3EDC /* ProgressTimerNode.swift */,
				21FFA04C1AE69A6900EF3EDC /* DigitNode.swift */,
			);
			name = TextOnAsteroid;
			sourceTree = "<group>";
		};
		21FFEADA1AD5E216000115F6 = {
			isa = PBXGroup;
			children = (
				21FFEAE51AD5E216000115F6 /* JackACrasher */,
				21FFEAFF1AD5E216000115F6 /* JackACrasherTests */,
				21FFEAE41AD5E216000115F6 /* Products */,
			);
			sourceTree = "<group>";
		};
		21FFEAE41AD5E216000115F6 /* Products */ = {
			isa = PBXGroup;
			children = (
				21FFEAE31AD5E216000115F6 /* JackACrasher.app */,
				21FFEAFC1AD5E216000115F6 /* JackACrasherTests.xctest */,
			);
			name = Products;
			sourceTree = "<group>";
		};
		21FFEAE51AD5E216000115F6 /* JackACrasher */ = {
			isa = PBXGroup;
			children = (
				217340FB1AFE5124009E934A /* Scenes */,
				21DEA0CF1AFD1761004FF5D7 /* Views */,
				219A6D211AFABCA300A63E7F /* HUD */,
				2199B6891AE4470100DDDB9F /* Utils */,
				2199B6821AE3FEF100DDDB9F /* Sounds */,
				21E56B301ADA93C10071A217 /* Particles */,
				215A5D211AD6792B00F136D3 /* Model */,
				21E56B331ADA9C2E0071A217 /* Entities */,
				2199B6801AE3FC9500DDDB9F /* Atlases */,
				217340FC1AFE5211009E934A /* ViewControllers */,
				21FFEAE81AD5E216000115F6 /* AppDelegate.swift */,
				21FFEAF01AD5E216000115F6 /* Main.storyboard */,
				21FFEAF51AD5E216000115F6 /* LaunchScreen.xib */,
				21FFEAE61AD5E216000115F6 /* Supporting Files */,
				21E56B341ADA9D8F0071A217 /* Images.xcassets */,
			);
			path = JackACrasher;
			sourceTree = "<group>";
		};
		21FFEAE61AD5E216000115F6 /* Supporting Files */ = {
			isa = PBXGroup;
			children = (
				21DEA0D41AFD3037004FF5D7 /* Game_Robot.ttf */,
				21FFEAE71AD5E216000115F6 /* Info.plist */,
			);
			name = "Supporting Files";
			sourceTree = "<group>";
		};
		21FFEAFF1AD5E216000115F6 /* JackACrasherTests */ = {
			isa = PBXGroup;
			children = (
				21FFEB021AD5E216000115F6 /* JackACrasherTests.swift */,
				21FFEB001AD5E216000115F6 /* Supporting Files */,
			);
			path = JackACrasherTests;
			sourceTree = "<group>";
		};
		21FFEB001AD5E216000115F6 /* Supporting Files */ = {
			isa = PBXGroup;
			children = (
				21FFEB011AD5E216000115F6 /* Info.plist */,
			);
			name = "Supporting Files";
			sourceTree = "<group>";
		};
/* End PBXGroup section */

/* Begin PBXNativeTarget section */
		21FFEAE21AD5E216000115F6 /* JackACrasher */ = {
			isa = PBXNativeTarget;
			buildConfigurationList = 21FFEB061AD5E216000115F6 /* Build configuration list for PBXNativeTarget "JackACrasher" */;
			buildPhases = (
				21FFEADF1AD5E216000115F6 /* Sources */,
				21FFEAE01AD5E216000115F6 /* Frameworks */,
				21FFEAE11AD5E216000115F6 /* Resources */,
			);
			buildRules = (
			);
			dependencies = (
			);
			name = JackACrasher;
			productName = JackACrasher;
			productReference = 21FFEAE31AD5E216000115F6 /* JackACrasher.app */;
			productType = "com.apple.product-type.application";
		};
		21FFEAFB1AD5E216000115F6 /* JackACrasherTests */ = {
			isa = PBXNativeTarget;
			buildConfigurationList = 21FFEB091AD5E216000115F6 /* Build configuration list for PBXNativeTarget "JackACrasherTests" */;
			buildPhases = (
				21FFEAF81AD5E216000115F6 /* Sources */,
				21FFEAF91AD5E216000115F6 /* Frameworks */,
				21FFEAFA1AD5E216000115F6 /* Resources */,
			);
			buildRules = (
			);
			dependencies = (
				21FFEAFE1AD5E216000115F6 /* PBXTargetDependency */,
			);
			name = JackACrasherTests;
			productName = JackACrasherTests;
			productReference = 21FFEAFC1AD5E216000115F6 /* JackACrasherTests.xctest */;
			productType = "com.apple.product-type.bundle.unit-test";
		};
/* End PBXNativeTarget section */

/* Begin PBXProject section */
		21FFEADB1AD5E216000115F6 /* Project object */ = {
			isa = PBXProject;
			attributes = {
				LastUpgradeCheck = 0620;
				ORGANIZATIONNAME = "Siarhei Yakushevich";
				TargetAttributes = {
					21FFEAE21AD5E216000115F6 = {
						CreatedOnToolsVersion = 6.2;
						DevelopmentTeam = 44P2L32FL4;
					};
					21FFEAFB1AD5E216000115F6 = {
						CreatedOnToolsVersion = 6.2;
						TestTargetID = 21FFEAE21AD5E216000115F6;
					};
				};
			};
			buildConfigurationList = 21FFEADE1AD5E216000115F6 /* Build configuration list for PBXProject "JackACrasher" */;
			compatibilityVersion = "Xcode 3.2";
			developmentRegion = English;
			hasScannedForEncodings = 0;
			knownRegions = (
				en,
				Base,
			);
			mainGroup = 21FFEADA1AD5E216000115F6;
			productRefGroup = 21FFEAE41AD5E216000115F6 /* Products */;
			projectDirPath = "";
			projectRoot = "";
			targets = (
				21FFEAE21AD5E216000115F6 /* JackACrasher */,
				21FFEAFB1AD5E216000115F6 /* JackACrasherTests */,
			);
		};
/* End PBXProject section */

/* Begin PBXResourcesBuildPhase section */
		21FFEAE11AD5E216000115F6 /* Resources */ = {
			isa = PBXResourcesBuildPhase;
			buildActionMask = 2147483647;
			files = (
				210DD8141AE3CAF90092DD39 /* sprites.atlas in Resources */,
				211243651AEAF1D3006B5487 /* CrystalRepresentation.sks in Resources */,
				21803C581ADC189D00DDC5ED /* star.png in Resources */,
				217341041AFE5674009E934A /* lose.wav in Resources */,
				2192CCE01AF6567E00518F97 /* Spawn.sks in Resources */,
				21DC553D1AF42DB60083210D /* Sparky.sks in Resources */,
				2199B6851AE3FF2B00DDDB9F /* explosion_large.wav in Resources */,
				21FFEAF71AD5E216000115F6 /* LaunchScreen.xib in Resources */,
				21DEA0D51AFD3037004FF5D7 /* Game_Robot.ttf in Resources */,
				217341001AFE54AB009E934A /* GameOverScene.sks in Resources */,
				2192CCE21AF6574800518F97 /* realStar.png in Resources */,
				211243611AEAE070006B5487 /* Rock.png in Resources */,
				211243631AEAE07A006B5487 /* Explosion.sks in Resources */,
				21E56B2F1ADA93BB0071A217 /* spark.png in Resources */,
				21FFEAEB1AD5E216000115F6 /* GameScene.sks in Resources */,
				21E56B351ADA9D8F0071A217 /* Images.xcassets in Resources */,
				21FFEAF21AD5E216000115F6 /* Main.storyboard in Resources */,
				2199B6861AE3FF2B00DDDB9F /* explosion_small.wav in Resources */,
				21A74E511AE0F6E00005334D /* trash.atlas in Resources */,
				21E56B2E1ADA93BB0071A217 /* Engine.sks in Resources */,
				21689F651ADAD696001456D6 /* BGStarts.sks in Resources */,
			);
			runOnlyForDeploymentPostprocessing = 0;
		};
		21FFEAFA1AD5E216000115F6 /* Resources */ = {
			isa = PBXResourcesBuildPhase;
			buildActionMask = 2147483647;
			files = (
			);
			runOnlyForDeploymentPostprocessing = 0;
		};
/* End PBXResourcesBuildPhase section */

/* Begin PBXSourcesBuildPhase section */
		21FFEADF1AD5E216000115F6 /* Sources */ = {
			isa = PBXSourcesBuildPhase;
			buildActionMask = 2147483647;
			files = (
				21FFEAED1AD5E216000115F6 /* GameScene.swift in Sources */,
				2199B6881AE3FF7700DDDB9F /* SoundManager.swift in Sources */,
				217340FE1AFE5267009E934A /* GameOverViewController.swift in Sources */,
				2199B68B1AE4474D00DDDB9F /* CGVector+Extensions.swift in Sources */,
				21DEA0D11AFD1893004FF5D7 /* AnalogControl.swift in Sources */,
				21F0FFA51AED09AC00C2BDB6 /* DirectRope.swift in Sources */,
				210DD8161AE3CBAA0092DD39 /* Explosion.swift in Sources */,
				21FFEAEF1AD5E216000115F6 /* GameViewController.swift in Sources */,
				21068A3A1AE555DB007398B5 /* Utils.swift in Sources */,
				21FFA04F1AE6EAAE00EF3EDC /* RegularAsteroid.swift in Sources */,
				217341021AFE54C1009E934A /* GameOverScene.swift in Sources */,
				21BF7A631ADF15A5003F9B93 /* AsteroidGenerator.swift in Sources */,
				215A5D231AD67B5D00F136D3 /* AsteroidManager.swift in Sources */,
				2118AD0D1B00B14C00067348 /* RoundCornerButton.swift in Sources */,
				21E56B321ADA9C2A0071A217 /* Player.swift in Sources */,
				21F0FFA81AED1A9000C2BDB6 /* RopeJointAsteroids.swift in Sources */,
				219A6D231AFABCC400A63E7F /* HUDNode.swift in Sources */,
				2118AD0B1AFFE88100067348 /* GameMainViewController.swift in Sources */,
				21FFA04D1AE69A6900EF3EDC /* DigitNode.swift in Sources */,
				21FC6D7C1AEC0457001D99B6 /* Rope.swift in Sources */,
				21FFEAE91AD5E216000115F6 /* AppDelegate.swift in Sources */,
				21FFA04B1AE697A700EF3EDC /* ProgressTimerNode.swift in Sources */,
			);
			runOnlyForDeploymentPostprocessing = 0;
		};
		21FFEAF81AD5E216000115F6 /* Sources */ = {
			isa = PBXSourcesBuildPhase;
			buildActionMask = 2147483647;
			files = (
				21FFEB031AD5E216000115F6 /* JackACrasherTests.swift in Sources */,
			);
			runOnlyForDeploymentPostprocessing = 0;
		};
/* End PBXSourcesBuildPhase section */

/* Begin PBXTargetDependency section */
		21FFEAFE1AD5E216000115F6 /* PBXTargetDependency */ = {
			isa = PBXTargetDependency;
			target = 21FFEAE21AD5E216000115F6 /* JackACrasher */;
			targetProxy = 21FFEAFD1AD5E216000115F6 /* PBXContainerItemProxy */;
		};
/* End PBXTargetDependency section */

/* Begin PBXVariantGroup section */
		21FFEAF01AD5E216000115F6 /* Main.storyboard */ = {
			isa = PBXVariantGroup;
			children = (
				21FFEAF11AD5E216000115F6 /* Base */,
			);
			name = Main.storyboard;
			sourceTree = "<group>";
		};
		21FFEAF51AD5E216000115F6 /* LaunchScreen.xib */ = {
			isa = PBXVariantGroup;
			children = (
				21FFEAF61AD5E216000115F6 /* Base */,
			);
			name = LaunchScreen.xib;
			sourceTree = "<group>";
		};
/* End PBXVariantGroup section */

/* Begin XCBuildConfiguration section */
		21FFEB041AD5E216000115F6 /* Debug */ = {
			isa = XCBuildConfiguration;
			buildSettings = {
				ALWAYS_SEARCH_USER_PATHS = NO;
				CLANG_CXX_LANGUAGE_STANDARD = "gnu++0x";
				CLANG_CXX_LIBRARY = "libc++";
				CLANG_ENABLE_MODULES = YES;
				CLANG_ENABLE_OBJC_ARC = YES;
				CLANG_WARN_BOOL_CONVERSION = YES;
				CLANG_WARN_CONSTANT_CONVERSION = YES;
				CLANG_WARN_DIRECT_OBJC_ISA_USAGE = YES_ERROR;
				CLANG_WARN_EMPTY_BODY = YES;
				CLANG_WARN_ENUM_CONVERSION = YES;
				CLANG_WARN_INT_CONVERSION = YES;
				CLANG_WARN_OBJC_ROOT_CLASS = YES_ERROR;
				CLANG_WARN_UNREACHABLE_CODE = YES;
				CLANG_WARN__DUPLICATE_METHOD_MATCH = YES;
				"CODE_SIGN_IDENTITY[sdk=iphoneos*]" = "iPhone Developer";
				COPY_PHASE_STRIP = NO;
				ENABLE_STRICT_OBJC_MSGSEND = YES;
				GCC_C_LANGUAGE_STANDARD = gnu99;
				GCC_DYNAMIC_NO_PIC = NO;
				GCC_OPTIMIZATION_LEVEL = 0;
				GCC_PREPROCESSOR_DEFINITIONS = (
					"DEBUG=1",
					"$(inherited)",
				);
				GCC_SYMBOLS_PRIVATE_EXTERN = NO;
				GCC_WARN_64_TO_32_BIT_CONVERSION = YES;
				GCC_WARN_ABOUT_RETURN_TYPE = YES_ERROR;
				GCC_WARN_UNDECLARED_SELECTOR = YES;
				GCC_WARN_UNINITIALIZED_AUTOS = YES_AGGRESSIVE;
				GCC_WARN_UNUSED_FUNCTION = YES;
				GCC_WARN_UNUSED_VARIABLE = YES;
				IPHONEOS_DEPLOYMENT_TARGET = 8.2;
				MTL_ENABLE_DEBUG_INFO = YES;
				ONLY_ACTIVE_ARCH = YES;
				SDKROOT = iphoneos;
				SWIFT_OPTIMIZATION_LEVEL = "-Onone";
				TARGETED_DEVICE_FAMILY = "1,2";
			};
			name = Debug;
		};
		21FFEB051AD5E216000115F6 /* Release */ = {
			isa = XCBuildConfiguration;
			buildSettings = {
				ALWAYS_SEARCH_USER_PATHS = NO;
				CLANG_CXX_LANGUAGE_STANDARD = "gnu++0x";
				CLANG_CXX_LIBRARY = "libc++";
				CLANG_ENABLE_MODULES = YES;
				CLANG_ENABLE_OBJC_ARC = YES;
				CLANG_WARN_BOOL_CONVERSION = YES;
				CLANG_WARN_CONSTANT_CONVERSION = YES;
				CLANG_WARN_DIRECT_OBJC_ISA_USAGE = YES_ERROR;
				CLANG_WARN_EMPTY_BODY = YES;
				CLANG_WARN_ENUM_CONVERSION = YES;
				CLANG_WARN_INT_CONVERSION = YES;
				CLANG_WARN_OBJC_ROOT_CLASS = YES_ERROR;
				CLANG_WARN_UNREACHABLE_CODE = YES;
				CLANG_WARN__DUPLICATE_METHOD_MATCH = YES;
				"CODE_SIGN_IDENTITY[sdk=iphoneos*]" = "iPhone Developer";
				COPY_PHASE_STRIP = NO;
				ENABLE_NS_ASSERTIONS = NO;
				ENABLE_STRICT_OBJC_MSGSEND = YES;
				GCC_C_LANGUAGE_STANDARD = gnu99;
				GCC_WARN_64_TO_32_BIT_CONVERSION = YES;
				GCC_WARN_ABOUT_RETURN_TYPE = YES_ERROR;
				GCC_WARN_UNDECLARED_SELECTOR = YES;
				GCC_WARN_UNINITIALIZED_AUTOS = YES_AGGRESSIVE;
				GCC_WARN_UNUSED_FUNCTION = YES;
				GCC_WARN_UNUSED_VARIABLE = YES;
				IPHONEOS_DEPLOYMENT_TARGET = 8.2;
				MTL_ENABLE_DEBUG_INFO = NO;
				SDKROOT = iphoneos;
				TARGETED_DEVICE_FAMILY = "1,2";
				VALIDATE_PRODUCT = YES;
			};
			name = Release;
		};
		21FFEB071AD5E216000115F6 /* Debug */ = {
			isa = XCBuildConfiguration;
			buildSettings = {
				ASSETCATALOG_COMPILER_APPICON_NAME = AppIcon;
				CODE_SIGN_IDENTITY = "iPhone Developer";
				INFOPLIST_FILE = JackACrasher/Info.plist;
				LD_RUNPATH_SEARCH_PATHS = "$(inherited) @executable_path/Frameworks";
				PRODUCT_NAME = "$(TARGET_NAME)";
			};
			name = Debug;
		};
		21FFEB081AD5E216000115F6 /* Release */ = {
			isa = XCBuildConfiguration;
			buildSettings = {
				ASSETCATALOG_COMPILER_APPICON_NAME = AppIcon;
				CODE_SIGN_IDENTITY = "iPhone Developer";
				INFOPLIST_FILE = JackACrasher/Info.plist;
				LD_RUNPATH_SEARCH_PATHS = "$(inherited) @executable_path/Frameworks";
				PRODUCT_NAME = "$(TARGET_NAME)";
			};
			name = Release;
		};
		21FFEB0A1AD5E216000115F6 /* Debug */ = {
			isa = XCBuildConfiguration;
			buildSettings = {
				BUNDLE_LOADER = "$(TEST_HOST)";
				FRAMEWORK_SEARCH_PATHS = (
					"$(SDKROOT)/Developer/Library/Frameworks",
					"$(inherited)",
				);
				GCC_PREPROCESSOR_DEFINITIONS = (
					"DEBUG=1",
					"$(inherited)",
				);
				INFOPLIST_FILE = JackACrasherTests/Info.plist;
				LD_RUNPATH_SEARCH_PATHS = "$(inherited) @executable_path/Frameworks @loader_path/Frameworks";
				PRODUCT_NAME = "$(TARGET_NAME)";
				TEST_HOST = "$(BUILT_PRODUCTS_DIR)/JackACrasher.app/JackACrasher";
			};
			name = Debug;
		};
		21FFEB0B1AD5E216000115F6 /* Release */ = {
			isa = XCBuildConfiguration;
			buildSettings = {
				BUNDLE_LOADER = "$(TEST_HOST)";
				FRAMEWORK_SEARCH_PATHS = (
					"$(SDKROOT)/Developer/Library/Frameworks",
					"$(inherited)",
				);
				INFOPLIST_FILE = JackACrasherTests/Info.plist;
				LD_RUNPATH_SEARCH_PATHS = "$(inherited) @executable_path/Frameworks @loader_path/Frameworks";
				PRODUCT_NAME = "$(TARGET_NAME)";
				TEST_HOST = "$(BUILT_PRODUCTS_DIR)/JackACrasher.app/JackACrasher";
			};
			name = Release;
		};
/* End XCBuildConfiguration section */

/* Begin XCConfigurationList section */
		21FFEADE1AD5E216000115F6 /* Build configuration list for PBXProject "JackACrasher" */ = {
			isa = XCConfigurationList;
			buildConfigurations = (
				21FFEB041AD5E216000115F6 /* Debug */,
				21FFEB051AD5E216000115F6 /* Release */,
			);
			defaultConfigurationIsVisible = 0;
			defaultConfigurationName = Release;
		};
		21FFEB061AD5E216000115F6 /* Build configuration list for PBXNativeTarget "JackACrasher" */ = {
			isa = XCConfigurationList;
			buildConfigurations = (
				21FFEB071AD5E216000115F6 /* Debug */,
				21FFEB081AD5E216000115F6 /* Release */,
			);
			defaultConfigurationIsVisible = 0;
			defaultConfigurationName = Release;
		};
		21FFEB091AD5E216000115F6 /* Build configuration list for PBXNativeTarget "JackACrasherTests" */ = {
			isa = XCConfigurationList;
			buildConfigurations = (
				21FFEB0A1AD5E216000115F6 /* Debug */,
				21FFEB0B1AD5E216000115F6 /* Release */,
			);
			defaultConfigurationIsVisible = 0;
			defaultConfigurationName = Release;
		};
/* End XCConfigurationList section */
	};
	rootObject = 21FFEADB1AD5E216000115F6 /* Project object */;
}
