// !$*UTF8*$!
{
	archiveVersion = 1;
	classes = {
	};
	objectVersion = 46;
	objects = {

/* Begin PBXBuildFile section */
		210078D11B298A3900CAF837 /* ShopDetailsCollectionViewCell.swift in Sources */ = {isa = PBXBuildFile; fileRef = 210078D01B298A3900CAF837 /* ShopDetailsCollectionViewCell.swift */; };
		2100E6361C3ED2DF00DB56B7 /* TwitterFriendsViewLayout.swift in Sources */ = {isa = PBXBuildFile; fileRef = 2100E6351C3ED2DF00DB56B7 /* TwitterFriendsViewLayout.swift */; };
		210464CF1C0EF06300326FDD /* SNManager.swift in Sources */ = {isa = PBXBuildFile; fileRef = 210464CE1C0EF06300326FDD /* SNManager.swift */; };
		210464D11C0EF08900326FDD /* FBManager.swift in Sources */ = {isa = PBXBuildFile; fileRef = 210464D01C0EF08900326FDD /* FBManager.swift */; };
		210464D41C0EFB4800326FDD /* SNFriendInfo.swift in Sources */ = {isa = PBXBuildFile; fileRef = 210464D31C0EFB4800326FDD /* SNFriendInfo.swift */; };
		210464D81C0F1B4D00326FDD /* SafariServices.framework in Frameworks */ = {isa = PBXBuildFile; fileRef = 210464D71C0F1B4D00326FDD /* SafariServices.framework */; settings = {ATTRIBUTES = (Required, ); }; };
		2105AE511B8868ED00DDB0CC /* Constants.swift in Sources */ = {isa = PBXBuildFile; fileRef = 2105AE501B8868ED00DDB0CC /* Constants.swift */; };
		2105AE541B8881DA00DDB0CC /* NORLabelNode.m in Sources */ = {isa = PBXBuildFile; fileRef = 2105AE531B8881DA00DDB0CC /* NORLabelNode.m */; };
		21068A3A1AE555DB007398B5 /* Utils.swift in Sources */ = {isa = PBXBuildFile; fileRef = 21068A391AE555DB007398B5 /* Utils.swift */; };
		210C0B4E1B357ABF00759382 /* IAPProduct.swift in Sources */ = {isa = PBXBuildFile; fileRef = 210C0B4D1B357ABF00759382 /* IAPProduct.swift */; };
		210C0B501B357AFB00759382 /* IAPProductInfo.swift in Sources */ = {isa = PBXBuildFile; fileRef = 210C0B4F1B357AFB00759382 /* IAPProductInfo.swift */; };
		210CE8721B8BC7B900C9F288 /* VKSdkResources.bundle in Resources */ = {isa = PBXBuildFile; fileRef = 210CE8701B8BC7B900C9F288 /* VKSdkResources.bundle */; };
		210CE8741B8BC93C00C9F288 /* VKSdk.framework in Frameworks */ = {isa = PBXBuildFile; fileRef = 210CE8731B8BC93C00C9F288 /* VKSdk.framework */; };
		210DD8161AE3CBAA0092DD39 /* Explosion.swift in Sources */ = {isa = PBXBuildFile; fileRef = 210DD8151AE3CBAA0092DD39 /* Explosion.swift */; };
		210EA9C91B26D54100C69D29 /* PurchaseManager.swift in Sources */ = {isa = PBXBuildFile; fileRef = 210EA9C81B26D54100C69D29 /* PurchaseManager.swift */; };
		21103F821B289A39007D8649 /* ShopDetailsViewController.swift in Sources */ = {isa = PBXBuildFile; fileRef = 21103F811B289A39007D8649 /* ShopDetailsViewController.swift */; };
		211173DA1C21B1CF002A72A0 /* JCStartLayer.swift in Sources */ = {isa = PBXBuildFile; fileRef = 211173D91C21B1CF002A72A0 /* JCStartLayer.swift */; };
		211243611AEAE070006B5487 /* Rock.png in Resources */ = {isa = PBXBuildFile; fileRef = 211243601AEAE070006B5487 /* Rock.png */; };
		211243631AEAE07A006B5487 /* Explosion.sks in Resources */ = {isa = PBXBuildFile; fileRef = 211243621AEAE07A006B5487 /* Explosion.sks */; };
		211243651AEAF1D3006B5487 /* CrystalRepresentation.sks in Resources */ = {isa = PBXBuildFile; fileRef = 211243641AEAF1D3006B5487 /* CrystalRepresentation.sks */; };
		2113C0761C37D6150094BD0F /* InviteFriendsViewController.swift in Sources */ = {isa = PBXBuildFile; fileRef = 2113C0751C37D6150094BD0F /* InviteFriendsViewController.swift */; };
		2116A1E81BF1597200CC45F0 /* InfoPlist.strings in Resources */ = {isa = PBXBuildFile; fileRef = 2116A1EA1BF1597200CC45F0 /* InfoPlist.strings */; };
		2118AD0B1AFFE88100067348 /* GameMainViewController.swift in Sources */ = {isa = PBXBuildFile; fileRef = 2118AD0A1AFFE88100067348 /* GameMainViewController.swift */; };
		2118AD0D1B00B14C00067348 /* RoundCornerButton.swift in Sources */ = {isa = PBXBuildFile; fileRef = 2118AD0C1B00B14C00067348 /* RoundCornerButton.swift */; };
		211BFC911B34872A0053ED9A /* FileManagerExtensions.swift in Sources */ = {isa = PBXBuildFile; fileRef = 211BFC901B34872A0053ED9A /* FileManagerExtensions.swift */; };
		211C4C701B16FFA4005F50B8 /* Fire.sks in Resources */ = {isa = PBXBuildFile; fileRef = 211C4C6F1B16FFA4005F50B8 /* Fire.sks */; };
		211F5FDD1BF0E700008591D7 /* Localizable.strings in Resources */ = {isa = PBXBuildFile; fileRef = 211F5FDF1BF0E700008591D7 /* Localizable.strings */; };
		212390C11BF6364B00B79B33 /* Fabric.framework in Frameworks */ = {isa = PBXBuildFile; fileRef = 212390BF1BF6364B00B79B33 /* Fabric.framework */; };
		212390C21BF6364B00B79B33 /* Crashlytics.framework in Frameworks */ = {isa = PBXBuildFile; fileRef = 212390C01BF6364B00B79B33 /* Crashlytics.framework */; };
		212A24951C9344CD009384D6 /* UIScrollView+Refresh.m in Sources */ = {isa = PBXBuildFile; fileRef = 212A24931C9344CD009384D6 /* UIScrollView+Refresh.m */; };
		212A2F221B36F24400B31482 /* libcrypto.a in Frameworks */ = {isa = PBXBuildFile; fileRef = 212A2F201B36F24400B31482 /* libcrypto.a */; };
		212A2F231B36F24400B31482 /* libcrypto.a in Frameworks */ = {isa = PBXBuildFile; fileRef = 212A2F201B36F24400B31482 /* libcrypto.a */; };
		212A2F241B36F24400B31482 /* libssl.a in Frameworks */ = {isa = PBXBuildFile; fileRef = 212A2F211B36F24400B31482 /* libssl.a */; };
		212A2F251B36F24400B31482 /* libssl.a in Frameworks */ = {isa = PBXBuildFile; fileRef = 212A2F211B36F24400B31482 /* libssl.a */; };
		212A2F2B1B36F98700B31482 /* AppleIncRootCertificate.cer in Resources */ = {isa = PBXBuildFile; fileRef = 212A2F2A1B36F98700B31482 /* AppleIncRootCertificate.cer */; };
		212A2F3F1B37317600B31482 /* IAPReceiptValidator.m in Sources */ = {isa = PBXBuildFile; fileRef = 212A2F3E1B37317600B31482 /* IAPReceiptValidator.m */; };
		212A2F401B37317600B31482 /* IAPReceiptValidator.m in Sources */ = {isa = PBXBuildFile; fileRef = 212A2F3E1B37317600B31482 /* IAPReceiptValidator.m */; };
		212B55FA1B8E52F400B816FD /* enemyDeath.sks in Resources */ = {isa = PBXBuildFile; fileRef = 212B55F91B8E52F400B816FD /* enemyDeath.sks */; };
		212B55FC1B8E544200B816FD /* KamikadzeSpaceShip.swift in Sources */ = {isa = PBXBuildFile; fileRef = 212B55FB1B8E544200B816FD /* KamikadzeSpaceShip.swift */; };
		2138E0B81B65112300FFD118 /* PauseReturnViewController.swift in Sources */ = {isa = PBXBuildFile; fileRef = 2138E0B71B65112300FFD118 /* PauseReturnViewController.swift */; };
		2138E0BA1B65227C00FFD118 /* ReturnPauseTransitionDelegate.swift in Sources */ = {isa = PBXBuildFile; fileRef = 2138E0B91B65227C00FFD118 /* ReturnPauseTransitionDelegate.swift */; };
		2138E0BC1B65607300FFD118 /* ReturnPausePopUpAnimator.swift in Sources */ = {isa = PBXBuildFile; fileRef = 2138E0BB1B65607300FFD118 /* ReturnPausePopUpAnimator.swift */; };
		2140023B1C5226E00035574E /* TwitterId+CoreDataProperties.swift in Sources */ = {isa = PBXBuildFile; fileRef = 214002391C5226E00035574E /* TwitterId+CoreDataProperties.swift */; };
		214007A81B0D2E2900072C9F /* ScoreNode.swift in Sources */ = {isa = PBXBuildFile; fileRef = 214007A71B0D2E2900072C9F /* ScoreNode.swift */; };
		21478AC61C95E54A00AB996E /* TwitterSendCollectionViewCell.swift in Sources */ = {isa = PBXBuildFile; fileRef = 21478AC51C95E54A00AB996E /* TwitterSendCollectionViewCell.swift */; };
		215A5D231AD67B5D00F136D3 /* AsteroidManager.swift in Sources */ = {isa = PBXBuildFile; fileRef = 215A5D221AD67B5D00F136D3 /* AsteroidManager.swift */; };
		2163A8C31B3BE6C5003253C5 /* CloudKit.framework in Frameworks */ = {isa = PBXBuildFile; fileRef = 2163A8C21B3BE6C5003253C5 /* CloudKit.framework */; };
		2163A8C61B3BEF9E003253C5 /* CloudUserInfo.swift in Sources */ = {isa = PBXBuildFile; fileRef = 2163A8C51B3BEF9E003253C5 /* CloudUserInfo.swift */; };
		2163A8C81B3BFF39003253C5 /* CloudManager.swift in Sources */ = {isa = PBXBuildFile; fileRef = 2163A8C71B3BFF39003253C5 /* CloudManager.swift */; };
		216490FF1B2EDEBD0097BC4B /* PopupPresentationController.swift in Sources */ = {isa = PBXBuildFile; fileRef = 216490FE1B2EDEBD0097BC4B /* PopupPresentationController.swift */; };
		21689F651ADAD696001456D6 /* BGStarts.sks in Resources */ = {isa = PBXBuildFile; fileRef = 21689F641ADAD696001456D6 /* BGStarts.sks */; };
		2169D2C51C4C069F00551DFF /* ExpandedTwitterUser.swift in Sources */ = {isa = PBXBuildFile; fileRef = 2169D2C41C4C069F00551DFF /* ExpandedTwitterUser.swift */; };
		216A24561C941EB70067CC17 /* TwitterFriendsSendViewController.swift in Sources */ = {isa = PBXBuildFile; fileRef = 216A24551C941EB70067CC17 /* TwitterFriendsSendViewController.swift */; };
		216A433C1B5FA4F7003B1035 /* BlackHole.swift in Sources */ = {isa = PBXBuildFile; fileRef = 216A433B1B5FA4F7003B1035 /* BlackHole.swift */; };
		216A43421B5FB820003B1035 /* EnemiesGenerator.swift in Sources */ = {isa = PBXBuildFile; fileRef = 216A43411B5FB820003B1035 /* EnemiesGenerator.swift */; };
		216DDA831C48BA2B00331F5B /* TwitterManager.swift in Sources */ = {isa = PBXBuildFile; fileRef = 216DDA821C48BA2B00331F5B /* TwitterManager.swift */; };
		2171B32B1B7B9F46007733BA /* Social.framework in Frameworks */ = {isa = PBXBuildFile; fileRef = 2171B32A1B7B9F46007733BA /* Social.framework */; };
		217340FE1AFE5267009E934A /* GameOverViewController.swift in Sources */ = {isa = PBXBuildFile; fileRef = 217340FD1AFE5267009E934A /* GameOverViewController.swift */; };
		217341001AFE54AB009E934A /* GameOverScene.sks in Resources */ = {isa = PBXBuildFile; fileRef = 217340FF1AFE54AB009E934A /* GameOverScene.sks */; };
		217341021AFE54C1009E934A /* GameOverScene.swift in Sources */ = {isa = PBXBuildFile; fileRef = 217341011AFE54C1009E934A /* GameOverScene.swift */; };
		217341041AFE5674009E934A /* lose.wav in Resources */ = {isa = PBXBuildFile; fileRef = 217341031AFE5674009E934A /* lose.wav */; settings = {ASSET_TAGS = (Sound, ); }; };
		217360F91B87260C00713E82 /* lap.wav in Resources */ = {isa = PBXBuildFile; fileRef = 217360F81B87260C00713E82 /* lap.wav */; settings = {ASSET_TAGS = (Sound, ); }; };
		217695001C66347200C4DFE9 /* ProductsInfo.plist in Resources */ = {isa = PBXBuildFile; fileRef = 210EA9CC1B26E00400C69D29 /* ProductsInfo.plist */; };
		217CF4DE1B2859FD00F67D33 /* PopUpTransitioningDelegate.swift in Sources */ = {isa = PBXBuildFile; fileRef = 217CF4DD1B2859FD00F67D33 /* PopUpTransitioningDelegate.swift */; };
		2188A5CF1B9F9FB900612BEC /* SWBlade.swift in Sources */ = {isa = PBXBuildFile; fileRef = 2188A5CE1B9F9FB900612BEC /* SWBlade.swift */; };
		218B375C1B02959A00B9085C /* GameLogicManager.swift in Sources */ = {isa = PBXBuildFile; fileRef = 218B375B1B02959A00B9085C /* GameLogicManager.swift */; };
		218D5A831B317C7F007ABE63 /* UIViewControllerExtensions.swift in Sources */ = {isa = PBXBuildFile; fileRef = 218D5A821B317C7F007ABE63 /* UIViewControllerExtensions.swift */; };
		218F24B31B35AF56008C085F /* NetworkManager.swift in Sources */ = {isa = PBXBuildFile; fileRef = 218F24B21B35AF56008C085F /* NetworkManager.swift */; };
		2192CCE01AF6567E00518F97 /* Spawn.sks in Resources */ = {isa = PBXBuildFile; fileRef = 2192CCDF1AF6567E00518F97 /* Spawn.sks */; };
		2192CCE21AF6574800518F97 /* realStar.png in Resources */ = {isa = PBXBuildFile; fileRef = 2192CCE11AF6574800518F97 /* realStar.png */; };
		21948BBE1B1DBAE000C438F6 /* Damage.sks in Resources */ = {isa = PBXBuildFile; fileRef = 21948BBD1B1DBAE000C438F6 /* Damage.sks */; };
		21948BC01B1DCE7300C438F6 /* ProjectileSplat.sks in Resources */ = {isa = PBXBuildFile; fileRef = 21948BBF1B1DCE7300C438F6 /* ProjectileSplat.sks */; };
		2199B6851AE3FF2B00DDDB9F /* explosion_large.wav in Resources */ = {isa = PBXBuildFile; fileRef = 2199B6831AE3FF2B00DDDB9F /* explosion_large.wav */; settings = {ASSET_TAGS = (Sound, ); }; };
		2199B6861AE3FF2B00DDDB9F /* explosion_small.wav in Resources */ = {isa = PBXBuildFile; fileRef = 2199B6841AE3FF2B00DDDB9F /* explosion_small.wav */; settings = {ASSET_TAGS = (Sound, ); }; };
		2199B6881AE3FF7700DDDB9F /* SoundManager.swift in Sources */ = {isa = PBXBuildFile; fileRef = 2199B6871AE3FF7700DDDB9F /* SoundManager.swift */; };
		2199B68B1AE4474D00DDDB9F /* Extensions.swift in Sources */ = {isa = PBXBuildFile; fileRef = 2199B68A1AE4474D00DDDB9F /* Extensions.swift */; };
		219A68B01B70AFB500CE6F07 /* Transmitter.swift in Sources */ = {isa = PBXBuildFile; fileRef = 219A68AF1B70AFB500CE6F07 /* Transmitter.swift */; };
		219A6D231AFABCC400A63E7F /* HUDNode.swift in Sources */ = {isa = PBXBuildFile; fileRef = 219A6D221AFABCC400A63E7F /* HUDNode.swift */; };
		21AF8C191B1CEA9100B9E6D2 /* CustomTransitionSegue.swift in Sources */ = {isa = PBXBuildFile; fileRef = 21AF8C181B1CEA9100B9E6D2 /* CustomTransitionSegue.swift */; };
		21B007901B72321B001B1F7B /* TransmitterLaser.sks in Resources */ = {isa = PBXBuildFile; fileRef = 21B0078F1B72321B001B1F7B /* TransmitterLaser.sks */; };
		21BD57EE1C413EE000DD34C2 /* TwitterFriendCollectionViewCell.swift in Sources */ = {isa = PBXBuildFile; fileRef = 21BD57ED1C413EE000DD34C2 /* TwitterFriendCollectionViewCell.swift */; };
		21BF7A631ADF15A5003F9B93 /* AsteroidGenerator.swift in Sources */ = {isa = PBXBuildFile; fileRef = 21BF7A621ADF15A5003F9B93 /* AsteroidGenerator.swift */; };
		21BF9C281B89E0A60002AEAC /* HelpViewController.swift in Sources */ = {isa = PBXBuildFile; fileRef = 21BF9C271B89E0A60002AEAC /* HelpViewController.swift */; };
		21C1FA041B0A67D900C514B0 /* GameCenterManager.swift in Sources */ = {isa = PBXBuildFile; fileRef = 21C1FA031B0A67D900C514B0 /* GameCenterManager.swift */; };
		21C3561B1B766E37009BE4F1 /* EnemySpaceShip.swift in Sources */ = {isa = PBXBuildFile; fileRef = 21C3561A1B766E37009BE4F1 /* EnemySpaceShip.swift */; };
		21CCA14A1B0A8346004419A2 /* JackACrasherNavigationController.swift in Sources */ = {isa = PBXBuildFile; fileRef = 21CCA1491B0A8346004419A2 /* JackACrasherNavigationController.swift */; };
		21CCA14E1B0A881C004419A2 /* GameKit.framework in Frameworks */ = {isa = PBXBuildFile; fileRef = 21CCA14D1B0A881C004419A2 /* GameKit.framework */; };
		21CDE8ED1C4443A30090EE53 /* DBModel.xcdatamodeld in Sources */ = {isa = PBXBuildFile; fileRef = 21CDE8EB1C4443A30090EE53 /* DBModel.xcdatamodeld */; };
		21CDE8F01C4448DE0090EE53 /* DBManager.swift in Sources */ = {isa = PBXBuildFile; fileRef = 21CDE8EF1C4448DE0090EE53 /* DBManager.swift */; };
		21CDE8F61C4451630090EE53 /* TwitterId.swift in Sources */ = {isa = PBXBuildFile; fileRef = 21CDE8F21C4451630090EE53 /* TwitterId.swift */; };
		21CDE8F81C4451630090EE53 /* TwitterUser.swift in Sources */ = {isa = PBXBuildFile; fileRef = 21CDE8F41C4451630090EE53 /* TwitterUser.swift */; };
		21CEEFAB1B9CCB2D008937A2 /* iAd.framework in Frameworks */ = {isa = PBXBuildFile; fileRef = 21CEEFAA1B9CCB2D008937A2 /* iAd.framework */; };
		21CFBCA71B10A1B1009EDA3E /* button_press.wav in Resources */ = {isa = PBXBuildFile; fileRef = 21CFBCA61B10A1B1009EDA3E /* button_press.wav */; settings = {ASSET_TAGS = (Sound, ); }; };
		21CFBCA91B10AAB6009EDA3E /* star_small.png in Resources */ = {isa = PBXBuildFile; fileRef = 21CFBCA81B10AAB6009EDA3E /* star_small.png */; };
		21DC553D1AF42DB60083210D /* Sparky.sks in Resources */ = {isa = PBXBuildFile; fileRef = 21DC553C1AF42DB60083210D /* Sparky.sks */; };
		21DDE5491B6A5A6300B41A91 /* Bomb.swift in Sources */ = {isa = PBXBuildFile; fileRef = 21DDE5481B6A5A6300B41A91 /* Bomb.swift */; };
		21DDE54B1B6A619E00B41A91 /* AIBomb.swift in Sources */ = {isa = PBXBuildFile; fileRef = 21DDE54A1B6A619E00B41A91 /* AIBomb.swift */; };
		21DE02561C67A890002C77EA /* ProgressViewController.swift in Sources */ = {isa = PBXBuildFile; fileRef = 21DE02551C67A890002C77EA /* ProgressViewController.swift */; };
		21DEA0D51AFD3037004FF5D7 /* Game_Robot.ttf in Resources */ = {isa = PBXBuildFile; fileRef = 21DEA0D41AFD3037004FF5D7 /* Game_Robot.ttf */; };
		21E053051BCEAF2700F7E4AD /* PyramidScene.swift in Sources */ = {isa = PBXBuildFile; fileRef = 21E053041BCEAF2700F7E4AD /* PyramidScene.swift */; };
		21E56B2E1ADA93BB0071A217 /* Engine.sks in Resources */ = {isa = PBXBuildFile; fileRef = 21E56B2C1ADA93BB0071A217 /* Engine.sks */; };
		21E56B2F1ADA93BB0071A217 /* spark.png in Resources */ = {isa = PBXBuildFile; fileRef = 21E56B2D1ADA93BB0071A217 /* spark.png */; };
		21E56B321ADA9C2A0071A217 /* Player.swift in Sources */ = {isa = PBXBuildFile; fileRef = 21E56B311ADA9C2A0071A217 /* Player.swift */; };
		21E56B351ADA9D8F0071A217 /* Images.xcassets in Resources */ = {isa = PBXBuildFile; fileRef = 21E56B341ADA9D8F0071A217 /* Images.xcassets */; };
		21E5D2C01B79193700D7E614 /* MotionlessEnemySpaceShip.swift in Sources */ = {isa = PBXBuildFile; fileRef = 21E5D2BF1B79193700D7E614 /* MotionlessEnemySpaceShip.swift */; };
		21E8958A1C9435CB00149BCF /* TwitterSendMessageCollectionViewCell.swift in Sources */ = {isa = PBXBuildFile; fileRef = 21E895891C9435CB00149BCF /* TwitterSendMessageCollectionViewCell.swift */; };
		21F0FFA51AED09AC00C2BDB6 /* DirectRope.swift in Sources */ = {isa = PBXBuildFile; fileRef = 21F0FFA41AED09AC00C2BDB6 /* DirectRope.swift */; };
		21F0FFA81AED1A9000C2BDB6 /* RopeJointAsteroids.swift in Sources */ = {isa = PBXBuildFile; fileRef = 21F0FFA71AED1A9000C2BDB6 /* RopeJointAsteroids.swift */; };
		21F18EF81C5EA2C400B67264 /* ODRManager.swift in Sources */ = {isa = PBXBuildFile; fileRef = 21F18EF71C5EA2C400B67264 /* ODRManager.swift */; };
		21F7956A1B555788003464BF /* SurvivalGameInfo.swift in Sources */ = {isa = PBXBuildFile; fileRef = 21F795691B555788003464BF /* SurvivalGameInfo.swift */; };
		21FA22A31B2AE9A7002539A6 /* StoreKit.framework in Frameworks */ = {isa = PBXBuildFile; fileRef = 21FA22A21B2AE9A7002539A6 /* StoreKit.framework */; };
		21FA22A51B2B026E002539A6 /* PopupAnimator.swift in Sources */ = {isa = PBXBuildFile; fileRef = 21FA22A41B2B026E002539A6 /* PopupAnimator.swift */; };
		21FB15451C943094001D330E /* TwitterSendSectionHeaderCollectionReusableView.swift in Sources */ = {isa = PBXBuildFile; fileRef = 21FB15441C943094001D330E /* TwitterSendSectionHeaderCollectionReusableView.swift */; };
		21FC6D7C1AEC0457001D99B6 /* Rope.swift in Sources */ = {isa = PBXBuildFile; fileRef = 21FC6D7B1AEC0457001D99B6 /* Rope.swift */; };
		21FF6C121B51724F00256A63 /* backgroundMusic.mp3 in Resources */ = {isa = PBXBuildFile; fileRef = 21FF6C111B51724F00256A63 /* backgroundMusic.mp3 */; settings = {ASSET_TAGS = (Sound, ); }; };
		21FFA04B1AE697A700EF3EDC /* ProgressTimerNode.swift in Sources */ = {isa = PBXBuildFile; fileRef = 21FFA04A1AE697A700EF3EDC /* ProgressTimerNode.swift */; };
		21FFA04D1AE69A6900EF3EDC /* DigitNode.swift in Sources */ = {isa = PBXBuildFile; fileRef = 21FFA04C1AE69A6900EF3EDC /* DigitNode.swift */; };
		21FFA04F1AE6EAAE00EF3EDC /* RegularAsteroid.swift in Sources */ = {isa = PBXBuildFile; fileRef = 21FFA04E1AE6EAAE00EF3EDC /* RegularAsteroid.swift */; };
		21FFEAE91AD5E216000115F6 /* AppDelegate.swift in Sources */ = {isa = PBXBuildFile; fileRef = 21FFEAE81AD5E216000115F6 /* AppDelegate.swift */; };
		21FFEAED1AD5E216000115F6 /* GameScene.swift in Sources */ = {isa = PBXBuildFile; fileRef = 21FFEAEC1AD5E216000115F6 /* GameScene.swift */; };
		21FFEAEF1AD5E216000115F6 /* GameViewController.swift in Sources */ = {isa = PBXBuildFile; fileRef = 21FFEAEE1AD5E216000115F6 /* GameViewController.swift */; };
		21FFEAF21AD5E216000115F6 /* Main.storyboard in Resources */ = {isa = PBXBuildFile; fileRef = 21FFEAF01AD5E216000115F6 /* Main.storyboard */; };
		21FFEAF71AD5E216000115F6 /* LaunchScreen.xib in Resources */ = {isa = PBXBuildFile; fileRef = 21FFEAF51AD5E216000115F6 /* LaunchScreen.xib */; };
		21FFEB031AD5E216000115F6 /* JackACrasherTests.swift in Sources */ = {isa = PBXBuildFile; fileRef = 21FFEB021AD5E216000115F6 /* JackACrasherTests.swift */; };
		A65976F41C6DEC9000178FC3 /* Bolts.framework in Frameworks */ = {isa = PBXBuildFile; fileRef = A65976EF1C6DEC9000178FC3 /* Bolts.framework */; };
		A65976F51C6DEC9000178FC3 /* FacebookSDKStrings.bundle in Resources */ = {isa = PBXBuildFile; fileRef = A65976F01C6DEC9000178FC3 /* FacebookSDKStrings.bundle */; };
		A65976F61C6DEC9000178FC3 /* FBSDKCoreKit.framework in Frameworks */ = {isa = PBXBuildFile; fileRef = A65976F11C6DEC9000178FC3 /* FBSDKCoreKit.framework */; };
		A65976F71C6DEC9000178FC3 /* FBSDKLoginKit.framework in Frameworks */ = {isa = PBXBuildFile; fileRef = A65976F21C6DEC9000178FC3 /* FBSDKLoginKit.framework */; };
		A65976F81C6DEC9000178FC3 /* FBSDKShareKit.framework in Frameworks */ = {isa = PBXBuildFile; fileRef = A65976F31C6DEC9000178FC3 /* FBSDKShareKit.framework */; };
		A6627EB41C7CEC5000F968E6 /* TwitterUser+CoreDataProperties.swift in Sources */ = {isa = PBXBuildFile; fileRef = A6627EB31C7CEC5000F968E6 /* TwitterUser+CoreDataProperties.swift */; };
		A6766A9B1C74781E00517D50 /* SignalCounter.swift in Sources */ = {isa = PBXBuildFile; fileRef = A6766A9A1C74781E00517D50 /* SignalCounter.swift */; };
		A695CF1E1C8373980049F178 /* ProgressHDViewController.swift in Sources */ = {isa = PBXBuildFile; fileRef = A695CF1D1C8373980049F178 /* ProgressHDViewController.swift */; };
/* End PBXBuildFile section */

/* Begin PBXContainerItemProxy section */
		21FFEAFD1AD5E216000115F6 /* PBXContainerItemProxy */ = {
			isa = PBXContainerItemProxy;
			containerPortal = 21FFEADB1AD5E216000115F6 /* Project object */;
			proxyType = 1;
			remoteGlobalIDString = 21FFEAE21AD5E216000115F6;
			remoteInfo = JackACrasher;
		};
/* End PBXContainerItemProxy section */

/* Begin PBXFileReference section */
		210078D01B298A3900CAF837 /* ShopDetailsCollectionViewCell.swift */ = {isa = PBXFileReference; fileEncoding = 4; lastKnownFileType = sourcecode.swift; name = ShopDetailsCollectionViewCell.swift; path = Views/ShopDetailsCollectionViewCell.swift; sourceTree = "<group>"; };
		2100E6351C3ED2DF00DB56B7 /* TwitterFriendsViewLayout.swift */ = {isa = PBXFileReference; fileEncoding = 4; lastKnownFileType = sourcecode.swift; name = TwitterFriendsViewLayout.swift; path = Views/TwitterFriendsViewLayout.swift; sourceTree = "<group>"; };
		210464CE1C0EF06300326FDD /* SNManager.swift */ = {isa = PBXFileReference; fileEncoding = 4; lastKnownFileType = sourcecode.swift; name = SNManager.swift; path = Model/SNManager.swift; sourceTree = "<group>"; };
		210464D01C0EF08900326FDD /* FBManager.swift */ = {isa = PBXFileReference; fileEncoding = 4; lastKnownFileType = sourcecode.swift; name = FBManager.swift; path = Model/FBManager.swift; sourceTree = "<group>"; };
		210464D31C0EFB4800326FDD /* SNFriendInfo.swift */ = {isa = PBXFileReference; fileEncoding = 4; lastKnownFileType = sourcecode.swift; name = SNFriendInfo.swift; path = Model/SNFriendInfo.swift; sourceTree = "<group>"; };
		210464D71C0F1B4D00326FDD /* SafariServices.framework */ = {isa = PBXFileReference; lastKnownFileType = wrapper.framework; name = SafariServices.framework; path = System/Library/Frameworks/SafariServices.framework; sourceTree = SDKROOT; };
		2105AE501B8868ED00DDB0CC /* Constants.swift */ = {isa = PBXFileReference; fileEncoding = 4; lastKnownFileType = sourcecode.swift; name = Constants.swift; path = Utils/Constants.swift; sourceTree = "<group>"; };
		2105AE521B8881DA00DDB0CC /* NORLabelNode.h */ = {isa = PBXFileReference; fileEncoding = 4; lastKnownFileType = sourcecode.c.h; path = NORLabelNode.h; sourceTree = "<group>"; };
		2105AE531B8881DA00DDB0CC /* NORLabelNode.m */ = {isa = PBXFileReference; fileEncoding = 4; lastKnownFileType = sourcecode.c.objc; path = NORLabelNode.m; sourceTree = "<group>"; };
		21068A391AE555DB007398B5 /* Utils.swift */ = {isa = PBXFileReference; fileEncoding = 4; lastKnownFileType = sourcecode.swift; name = Utils.swift; path = Utils/Utils.swift; sourceTree = "<group>"; };
		210C0B4D1B357ABF00759382 /* IAPProduct.swift */ = {isa = PBXFileReference; fileEncoding = 4; lastKnownFileType = sourcecode.swift; name = IAPProduct.swift; path = Model/IAP/IAPProduct.swift; sourceTree = "<group>"; };
		210C0B4F1B357AFB00759382 /* IAPProductInfo.swift */ = {isa = PBXFileReference; fileEncoding = 4; lastKnownFileType = sourcecode.swift; name = IAPProductInfo.swift; path = Model/IAP/IAPProductInfo.swift; sourceTree = "<group>"; };
		210CE8701B8BC7B900C9F288 /* VKSdkResources.bundle */ = {isa = PBXFileReference; lastKnownFileType = "wrapper.plug-in"; path = VKSdkResources.bundle; sourceTree = "<group>"; };
		210CE8731B8BC93C00C9F288 /* VKSdk.framework */ = {isa = PBXFileReference; lastKnownFileType = wrapper.framework; path = VKSdk.framework; sourceTree = "<group>"; };
		210DD8151AE3CBAA0092DD39 /* Explosion.swift */ = {isa = PBXFileReference; fileEncoding = 4; lastKnownFileType = sourcecode.swift; name = Explosion.swift; path = Entities/Explosion.swift; sourceTree = "<group>"; };
		210EA9C81B26D54100C69D29 /* PurchaseManager.swift */ = {isa = PBXFileReference; fileEncoding = 4; lastKnownFileType = sourcecode.swift; name = PurchaseManager.swift; path = Model/PurchaseManager.swift; sourceTree = "<group>"; };
		210EA9CC1B26E00400C69D29 /* ProductsInfo.plist */ = {isa = PBXFileReference; fileEncoding = 4; lastKnownFileType = text.plist.xml; path = ProductsInfo.plist; sourceTree = "<group>"; };
		210EA9CE1B26FD6E00C69D29 /* JackACrasher-Bridging-Header.h */ = {isa = PBXFileReference; lastKnownFileType = sourcecode.c.h; path = "JackACrasher-Bridging-Header.h"; sourceTree = "<group>"; };
		21103F811B289A39007D8649 /* ShopDetailsViewController.swift */ = {isa = PBXFileReference; fileEncoding = 4; lastKnownFileType = sourcecode.swift; name = ShopDetailsViewController.swift; path = ViewControllers/ShopDetailsViewController.swift; sourceTree = "<group>"; };
		211173D91C21B1CF002A72A0 /* JCStartLayer.swift */ = {isa = PBXFileReference; fileEncoding = 4; lastKnownFileType = sourcecode.swift; name = JCStartLayer.swift; path = Views/Layers/JCStartLayer.swift; sourceTree = "<group>"; };
		211243601AEAE070006B5487 /* Rock.png */ = {isa = PBXFileReference; lastKnownFileType = image.png; path = Rock.png; sourceTree = "<group>"; };
		211243621AEAE07A006B5487 /* Explosion.sks */ = {isa = PBXFileReference; lastKnownFileType = file.sks; path = Explosion.sks; sourceTree = "<group>"; };
		211243641AEAF1D3006B5487 /* CrystalRepresentation.sks */ = {isa = PBXFileReference; lastKnownFileType = file.sks; path = CrystalRepresentation.sks; sourceTree = "<group>"; };
		2113C0751C37D6150094BD0F /* InviteFriendsViewController.swift */ = {isa = PBXFileReference; fileEncoding = 4; lastKnownFileType = sourcecode.swift; name = InviteFriendsViewController.swift; path = ViewControllers/InviteFriendsViewController.swift; sourceTree = "<group>"; };
		2116A1E91BF1597200CC45F0 /* Base */ = {isa = PBXFileReference; lastKnownFileType = text.plist.strings; name = Base; path = Base.lproj/InfoPlist.strings; sourceTree = "<group>"; };
		2116A1EB1BF1597F00CC45F0 /* ru */ = {isa = PBXFileReference; lastKnownFileType = text.plist.strings; name = ru; path = ru.lproj/InfoPlist.strings; sourceTree = "<group>"; };
		2118AD0A1AFFE88100067348 /* GameMainViewController.swift */ = {isa = PBXFileReference; fileEncoding = 4; lastKnownFileType = sourcecode.swift; name = GameMainViewController.swift; path = ViewControllers/GameMainViewController.swift; sourceTree = "<group>"; };
		2118AD0C1B00B14C00067348 /* RoundCornerButton.swift */ = {isa = PBXFileReference; fileEncoding = 4; lastKnownFileType = sourcecode.swift; name = RoundCornerButton.swift; path = Views/RoundCornerButton.swift; sourceTree = "<group>"; };
		211BFC901B34872A0053ED9A /* FileManagerExtensions.swift */ = {isa = PBXFileReference; fileEncoding = 4; lastKnownFileType = sourcecode.swift; name = FileManagerExtensions.swift; path = ViewControllers/FileManagerExtensions.swift; sourceTree = "<group>"; };
		211C4C6F1B16FFA4005F50B8 /* Fire.sks */ = {isa = PBXFileReference; lastKnownFileType = file.sks; path = Fire.sks; sourceTree = "<group>"; };
		211F5FDE1BF0E700008591D7 /* Base */ = {isa = PBXFileReference; lastKnownFileType = text.plist.strings; name = Base; path = Base.lproj/Localizable.strings; sourceTree = "<group>"; };
		211F5FE01BF0E708008591D7 /* ru */ = {isa = PBXFileReference; lastKnownFileType = text.plist.strings; name = ru; path = ru.lproj/Localizable.strings; sourceTree = "<group>"; };
		212390BF1BF6364B00B79B33 /* Fabric.framework */ = {isa = PBXFileReference; lastKnownFileType = wrapper.framework; path = Fabric.framework; sourceTree = "<group>"; };
		212390C01BF6364B00B79B33 /* Crashlytics.framework */ = {isa = PBXFileReference; lastKnownFileType = wrapper.framework; path = Crashlytics.framework; sourceTree = "<group>"; };
		212A24931C9344CD009384D6 /* UIScrollView+Refresh.m */ = {isa = PBXFileReference; fileEncoding = 4; lastKnownFileType = sourcecode.c.objc; path = "UIScrollView+Refresh.m"; sourceTree = "<group>"; };
		212A24941C9344CD009384D6 /* UIScrollView+Refresh.h */ = {isa = PBXFileReference; fileEncoding = 4; lastKnownFileType = sourcecode.c.h; path = "UIScrollView+Refresh.h"; sourceTree = "<group>"; };
		212A2F201B36F24400B31482 /* libcrypto.a */ = {isa = PBXFileReference; lastKnownFileType = archive.ar; name = libcrypto.a; path = OpenSSL/lib/libcrypto.a; sourceTree = SOURCE_ROOT; };
		212A2F211B36F24400B31482 /* libssl.a */ = {isa = PBXFileReference; lastKnownFileType = archive.ar; name = libssl.a; path = OpenSSL/lib/libssl.a; sourceTree = SOURCE_ROOT; };
		212A2F261B36F45F00B31482 /* JackACrasherTests-Bridging-Header.h */ = {isa = PBXFileReference; lastKnownFileType = sourcecode.c.h; path = "JackACrasherTests-Bridging-Header.h"; sourceTree = "<group>"; };
		212A2F2A1B36F98700B31482 /* AppleIncRootCertificate.cer */ = {isa = PBXFileReference; lastKnownFileType = file; path = AppleIncRootCertificate.cer; sourceTree = "<group>"; };
		212A2F3D1B37317600B31482 /* IAPReceiptValidator.h */ = {isa = PBXFileReference; fileEncoding = 4; lastKnownFileType = sourcecode.c.h; path = IAPReceiptValidator.h; sourceTree = "<group>"; };
		212A2F3E1B37317600B31482 /* IAPReceiptValidator.m */ = {isa = PBXFileReference; fileEncoding = 4; lastKnownFileType = sourcecode.c.objc; path = IAPReceiptValidator.m; sourceTree = "<group>"; };
		212B55F91B8E52F400B816FD /* enemyDeath.sks */ = {isa = PBXFileReference; lastKnownFileType = file.sks; path = enemyDeath.sks; sourceTree = "<group>"; };
		212B55FB1B8E544200B816FD /* KamikadzeSpaceShip.swift */ = {isa = PBXFileReference; fileEncoding = 4; lastKnownFileType = sourcecode.swift; name = KamikadzeSpaceShip.swift; path = Entities/KamikadzeSpaceShip.swift; sourceTree = "<group>"; };
		2138E0B71B65112300FFD118 /* PauseReturnViewController.swift */ = {isa = PBXFileReference; fileEncoding = 4; lastKnownFileType = sourcecode.swift; name = PauseReturnViewController.swift; path = ViewControllers/PauseReturnViewController.swift; sourceTree = "<group>"; };
		2138E0B91B65227C00FFD118 /* ReturnPauseTransitionDelegate.swift */ = {isa = PBXFileReference; fileEncoding = 4; lastKnownFileType = sourcecode.swift; name = ReturnPauseTransitionDelegate.swift; path = ViewControllers/ReturnPauseTransitionDelegate.swift; sourceTree = "<group>"; };
		2138E0BB1B65607300FFD118 /* ReturnPausePopUpAnimator.swift */ = {isa = PBXFileReference; fileEncoding = 4; lastKnownFileType = sourcecode.swift; name = ReturnPausePopUpAnimator.swift; path = ViewControllers/ReturnPausePopUpAnimator.swift; sourceTree = "<group>"; };
		214002391C5226E00035574E /* TwitterId+CoreDataProperties.swift */ = {isa = PBXFileReference; fileEncoding = 4; lastKnownFileType = sourcecode.swift; name = "TwitterId+CoreDataProperties.swift"; path = "Model/DataBase/TwitterId+CoreDataProperties.swift"; sourceTree = "<group>"; };
		214007A71B0D2E2900072C9F /* ScoreNode.swift */ = {isa = PBXFileReference; fileEncoding = 4; lastKnownFileType = sourcecode.swift; name = ScoreNode.swift; path = Score/ScoreNode.swift; sourceTree = "<group>"; };
		21478AC51C95E54A00AB996E /* TwitterSendCollectionViewCell.swift */ = {isa = PBXFileReference; fileEncoding = 4; lastKnownFileType = sourcecode.swift; name = TwitterSendCollectionViewCell.swift; path = Views/TwitterSendCollectionViewCell.swift; sourceTree = "<group>"; };
		215A5D221AD67B5D00F136D3 /* AsteroidManager.swift */ = {isa = PBXFileReference; fileEncoding = 4; lastKnownFileType = sourcecode.swift; name = AsteroidManager.swift; path = Model/AsteroidManager.swift; sourceTree = "<group>"; };
		2163A8C11B3BE6B4003253C5 /* JackACrasher.entitlements */ = {isa = PBXFileReference; lastKnownFileType = text.xml; path = JackACrasher.entitlements; sourceTree = "<group>"; };
		2163A8C21B3BE6C5003253C5 /* CloudKit.framework */ = {isa = PBXFileReference; lastKnownFileType = wrapper.framework; name = CloudKit.framework; path = System/Library/Frameworks/CloudKit.framework; sourceTree = SDKROOT; };
		2163A8C51B3BEF9E003253C5 /* CloudUserInfo.swift */ = {isa = PBXFileReference; fileEncoding = 4; lastKnownFileType = sourcecode.swift; name = CloudUserInfo.swift; path = Model/iCloud/CloudUserInfo.swift; sourceTree = "<group>"; };
		2163A8C71B3BFF39003253C5 /* CloudManager.swift */ = {isa = PBXFileReference; fileEncoding = 4; lastKnownFileType = sourcecode.swift; name = CloudManager.swift; path = Model/iCloud/CloudManager.swift; sourceTree = "<group>"; };
		216490FE1B2EDEBD0097BC4B /* PopupPresentationController.swift */ = {isa = PBXFileReference; fileEncoding = 4; lastKnownFileType = sourcecode.swift; name = PopupPresentationController.swift; path = ViewControllers/PopupPresentationController.swift; sourceTree = "<group>"; };
		21689F641ADAD696001456D6 /* BGStarts.sks */ = {isa = PBXFileReference; lastKnownFileType = file.sks; name = BGStarts.sks; path = JackACrasher/Particles/BGStarts.sks; sourceTree = "<group>"; };
		2169D2C41C4C069F00551DFF /* ExpandedTwitterUser.swift */ = {isa = PBXFileReference; fileEncoding = 4; lastKnownFileType = sourcecode.swift; name = ExpandedTwitterUser.swift; path = Model/Twitter/ExpandedTwitterUser.swift; sourceTree = "<group>"; };
		216A24551C941EB70067CC17 /* TwitterFriendsSendViewController.swift */ = {isa = PBXFileReference; fileEncoding = 4; lastKnownFileType = sourcecode.swift; name = TwitterFriendsSendViewController.swift; path = ViewControllers/TwitterFriendsSendViewController.swift; sourceTree = "<group>"; };
		216A433B1B5FA4F7003B1035 /* BlackHole.swift */ = {isa = PBXFileReference; fileEncoding = 4; lastKnownFileType = sourcecode.swift; name = BlackHole.swift; path = Entities/BlackHole.swift; sourceTree = "<group>"; };
		216A43411B5FB820003B1035 /* EnemiesGenerator.swift */ = {isa = PBXFileReference; fileEncoding = 4; lastKnownFileType = sourcecode.swift; name = EnemiesGenerator.swift; path = Model/EnemiesGenerator.swift; sourceTree = "<group>"; };
		216DDA821C48BA2B00331F5B /* TwitterManager.swift */ = {isa = PBXFileReference; fileEncoding = 4; lastKnownFileType = sourcecode.swift; name = TwitterManager.swift; path = Model/Twitter/TwitterManager.swift; sourceTree = "<group>"; };
		2171B32A1B7B9F46007733BA /* Social.framework */ = {isa = PBXFileReference; lastKnownFileType = wrapper.framework; name = Social.framework; path = System/Library/Frameworks/Social.framework; sourceTree = SDKROOT; };
		217340FD1AFE5267009E934A /* GameOverViewController.swift */ = {isa = PBXFileReference; fileEncoding = 4; lastKnownFileType = sourcecode.swift; name = GameOverViewController.swift; path = ViewControllers/GameOverViewController.swift; sourceTree = "<group>"; };
		217340FF1AFE54AB009E934A /* GameOverScene.sks */ = {isa = PBXFileReference; lastKnownFileType = file.sks; name = GameOverScene.sks; path = Scenes/GameOverScene.sks; sourceTree = "<group>"; };
		217341011AFE54C1009E934A /* GameOverScene.swift */ = {isa = PBXFileReference; fileEncoding = 4; lastKnownFileType = sourcecode.swift; name = GameOverScene.swift; path = Scenes/GameOverScene.swift; sourceTree = "<group>"; };
		217341031AFE5674009E934A /* lose.wav */ = {isa = PBXFileReference; lastKnownFileType = audio.wav; path = lose.wav; sourceTree = "<group>"; };
		217360F81B87260C00713E82 /* lap.wav */ = {isa = PBXFileReference; lastKnownFileType = audio.wav; path = lap.wav; sourceTree = "<group>"; };
		217CF4DD1B2859FD00F67D33 /* PopUpTransitioningDelegate.swift */ = {isa = PBXFileReference; fileEncoding = 4; lastKnownFileType = sourcecode.swift; name = PopUpTransitioningDelegate.swift; path = ViewControllers/PopUpTransitioningDelegate.swift; sourceTree = "<group>"; };
		2188A5CE1B9F9FB900612BEC /* SWBlade.swift */ = {isa = PBXFileReference; fileEncoding = 4; lastKnownFileType = sourcecode.swift; path = SWBlade.swift; sourceTree = "<group>"; };
		218B375B1B02959A00B9085C /* GameLogicManager.swift */ = {isa = PBXFileReference; fileEncoding = 4; lastKnownFileType = sourcecode.swift; name = GameLogicManager.swift; path = Model/GameLogicManager.swift; sourceTree = "<group>"; };
		218D5A821B317C7F007ABE63 /* UIViewControllerExtensions.swift */ = {isa = PBXFileReference; fileEncoding = 4; lastKnownFileType = sourcecode.swift; name = UIViewControllerExtensions.swift; path = ViewControllers/UIViewControllerExtensions.swift; sourceTree = "<group>"; };
		218F24B21B35AF56008C085F /* NetworkManager.swift */ = {isa = PBXFileReference; fileEncoding = 4; lastKnownFileType = sourcecode.swift; name = NetworkManager.swift; path = Model/NetworkManager.swift; sourceTree = "<group>"; };
		2192CCDF1AF6567E00518F97 /* Spawn.sks */ = {isa = PBXFileReference; lastKnownFileType = file.sks; path = Spawn.sks; sourceTree = "<group>"; };
		2192CCE11AF6574800518F97 /* realStar.png */ = {isa = PBXFileReference; lastKnownFileType = image.png; path = realStar.png; sourceTree = "<group>"; };
		21948BBD1B1DBAE000C438F6 /* Damage.sks */ = {isa = PBXFileReference; lastKnownFileType = file.sks; path = Damage.sks; sourceTree = "<group>"; };
		21948BBF1B1DCE7300C438F6 /* ProjectileSplat.sks */ = {isa = PBXFileReference; lastKnownFileType = file.sks; path = ProjectileSplat.sks; sourceTree = "<group>"; };
		2199B6831AE3FF2B00DDDB9F /* explosion_large.wav */ = {isa = PBXFileReference; lastKnownFileType = audio.wav; name = explosion_large.wav; path = Sounds/explosion_large.wav; sourceTree = "<group>"; };
		2199B6841AE3FF2B00DDDB9F /* explosion_small.wav */ = {isa = PBXFileReference; lastKnownFileType = audio.wav; name = explosion_small.wav; path = Sounds/explosion_small.wav; sourceTree = "<group>"; };
		2199B6871AE3FF7700DDDB9F /* SoundManager.swift */ = {isa = PBXFileReference; fileEncoding = 4; lastKnownFileType = sourcecode.swift; name = SoundManager.swift; path = Model/SoundManager.swift; sourceTree = "<group>"; };
		2199B68A1AE4474D00DDDB9F /* Extensions.swift */ = {isa = PBXFileReference; fileEncoding = 4; lastKnownFileType = sourcecode.swift; name = Extensions.swift; path = Utils/Extensions.swift; sourceTree = "<group>"; };
		219A68AF1B70AFB500CE6F07 /* Transmitter.swift */ = {isa = PBXFileReference; fileEncoding = 4; lastKnownFileType = sourcecode.swift; name = Transmitter.swift; path = Entities/Transmitter.swift; sourceTree = "<group>"; };
		219A6D221AFABCC400A63E7F /* HUDNode.swift */ = {isa = PBXFileReference; fileEncoding = 4; lastKnownFileType = sourcecode.swift; name = HUDNode.swift; path = HUD/HUDNode.swift; sourceTree = "<group>"; };
		21AF8C181B1CEA9100B9E6D2 /* CustomTransitionSegue.swift */ = {isa = PBXFileReference; fileEncoding = 4; lastKnownFileType = sourcecode.swift; name = CustomTransitionSegue.swift; path = Utils/CustomTransitionSegue.swift; sourceTree = "<group>"; };
		21B0078F1B72321B001B1F7B /* TransmitterLaser.sks */ = {isa = PBXFileReference; lastKnownFileType = file.sks; name = TransmitterLaser.sks; path = JackACrasher/Particles/TransmitterLaser.sks; sourceTree = "<group>"; };
		21BD57ED1C413EE000DD34C2 /* TwitterFriendCollectionViewCell.swift */ = {isa = PBXFileReference; fileEncoding = 4; lastKnownFileType = sourcecode.swift; name = TwitterFriendCollectionViewCell.swift; path = Views/TwitterFriendCollectionViewCell.swift; sourceTree = "<group>"; };
		21BF7A621ADF15A5003F9B93 /* AsteroidGenerator.swift */ = {isa = PBXFileReference; fileEncoding = 4; lastKnownFileType = sourcecode.swift; name = AsteroidGenerator.swift; path = Model/AsteroidGenerator.swift; sourceTree = "<group>"; };
		21BF9C271B89E0A60002AEAC /* HelpViewController.swift */ = {isa = PBXFileReference; fileEncoding = 4; lastKnownFileType = sourcecode.swift; name = HelpViewController.swift; path = ViewControllers/HelpViewController.swift; sourceTree = "<group>"; };
		21C1FA031B0A67D900C514B0 /* GameCenterManager.swift */ = {isa = PBXFileReference; fileEncoding = 4; lastKnownFileType = sourcecode.swift; name = GameCenterManager.swift; path = Model/GameCenterManager.swift; sourceTree = "<group>"; };
		21C3561A1B766E37009BE4F1 /* EnemySpaceShip.swift */ = {isa = PBXFileReference; fileEncoding = 4; lastKnownFileType = sourcecode.swift; name = EnemySpaceShip.swift; path = Entities/EnemySpaceShip.swift; sourceTree = "<group>"; };
		21CCA1491B0A8346004419A2 /* JackACrasherNavigationController.swift */ = {isa = PBXFileReference; fileEncoding = 4; lastKnownFileType = sourcecode.swift; name = JackACrasherNavigationController.swift; path = Model/JackACrasherNavigationController.swift; sourceTree = "<group>"; };
		21CCA14D1B0A881C004419A2 /* GameKit.framework */ = {isa = PBXFileReference; lastKnownFileType = wrapper.framework; name = GameKit.framework; path = System/Library/Frameworks/GameKit.framework; sourceTree = SDKROOT; };
		21CDE8EC1C4443A30090EE53 /* DBModel.xcdatamodel */ = {isa = PBXFileReference; lastKnownFileType = wrapper.xcdatamodel; path = DBModel.xcdatamodel; sourceTree = "<group>"; };
		21CDE8EF1C4448DE0090EE53 /* DBManager.swift */ = {isa = PBXFileReference; fileEncoding = 4; lastKnownFileType = sourcecode.swift; name = DBManager.swift; path = Model/DataBase/DBManager.swift; sourceTree = "<group>"; };
		21CDE8F21C4451630090EE53 /* TwitterId.swift */ = {isa = PBXFileReference; fileEncoding = 4; lastKnownFileType = sourcecode.swift; name = TwitterId.swift; path = Model/DataBase/TwitterId.swift; sourceTree = "<group>"; };
		21CDE8F41C4451630090EE53 /* TwitterUser.swift */ = {isa = PBXFileReference; fileEncoding = 4; lastKnownFileType = sourcecode.swift; name = TwitterUser.swift; path = Model/DataBase/TwitterUser.swift; sourceTree = "<group>"; };
		21CEEFAA1B9CCB2D008937A2 /* iAd.framework */ = {isa = PBXFileReference; lastKnownFileType = wrapper.framework; name = iAd.framework; path = System/Library/Frameworks/iAd.framework; sourceTree = SDKROOT; };
		21CFBCA61B10A1B1009EDA3E /* button_press.wav */ = {isa = PBXFileReference; lastKnownFileType = audio.wav; path = button_press.wav; sourceTree = "<group>"; };
		21CFBCA81B10AAB6009EDA3E /* star_small.png */ = {isa = PBXFileReference; lastKnownFileType = image.png; path = star_small.png; sourceTree = "<group>"; };
		21DC553C1AF42DB60083210D /* Sparky.sks */ = {isa = PBXFileReference; lastKnownFileType = file.sks; path = Sparky.sks; sourceTree = "<group>"; };
		21DDE5481B6A5A6300B41A91 /* Bomb.swift */ = {isa = PBXFileReference; fileEncoding = 4; lastKnownFileType = sourcecode.swift; name = Bomb.swift; path = Entities/Bomb.swift; sourceTree = "<group>"; };
		21DDE54A1B6A619E00B41A91 /* AIBomb.swift */ = {isa = PBXFileReference; fileEncoding = 4; lastKnownFileType = sourcecode.swift; name = AIBomb.swift; path = Entities/AIBomb.swift; sourceTree = "<group>"; };
		21DE02551C67A890002C77EA /* ProgressViewController.swift */ = {isa = PBXFileReference; fileEncoding = 4; lastKnownFileType = sourcecode.swift; name = ProgressViewController.swift; path = ViewControllers/ProgressViewController.swift; sourceTree = "<group>"; };
		21DEA0D41AFD3037004FF5D7 /* Game_Robot.ttf */ = {isa = PBXFileReference; lastKnownFileType = file; path = Game_Robot.ttf; sourceTree = "<group>"; };
		21E053041BCEAF2700F7E4AD /* PyramidScene.swift */ = {isa = PBXFileReference; fileEncoding = 4; lastKnownFileType = sourcecode.swift; path = PyramidScene.swift; sourceTree = "<group>"; };
		21E396991C57817C0085918C /* Base */ = {isa = PBXFileReference; lastKnownFileType = file.storyboard; name = Base; path = Base.lproj/Main.storyboard; sourceTree = "<group>"; };
		21E3969A1C5781820085918C /* ru */ = {isa = PBXFileReference; lastKnownFileType = text.plist.strings; name = ru; path = ru.lproj/Main.strings; sourceTree = "<group>"; };
		21E56B2C1ADA93BB0071A217 /* Engine.sks */ = {isa = PBXFileReference; lastKnownFileType = file.sks; name = Engine.sks; path = JackACrasher/Particles/Engine.sks; sourceTree = "<group>"; };
		21E56B2D1ADA93BB0071A217 /* spark.png */ = {isa = PBXFileReference; lastKnownFileType = image.png; name = spark.png; path = JackACrasher/Particles/spark.png; sourceTree = "<group>"; };
		21E56B311ADA9C2A0071A217 /* Player.swift */ = {isa = PBXFileReference; fileEncoding = 4; lastKnownFileType = sourcecode.swift; name = Player.swift; path = Entities/Player.swift; sourceTree = "<group>"; };
		21E56B341ADA9D8F0071A217 /* Images.xcassets */ = {isa = PBXFileReference; lastKnownFileType = folder.assetcatalog; path = Images.xcassets; sourceTree = "<group>"; };
		21E5D2BF1B79193700D7E614 /* MotionlessEnemySpaceShip.swift */ = {isa = PBXFileReference; fileEncoding = 4; lastKnownFileType = sourcecode.swift; name = MotionlessEnemySpaceShip.swift; path = Entities/MotionlessEnemySpaceShip.swift; sourceTree = "<group>"; };
		21E895891C9435CB00149BCF /* TwitterSendMessageCollectionViewCell.swift */ = {isa = PBXFileReference; fileEncoding = 4; lastKnownFileType = sourcecode.swift; name = TwitterSendMessageCollectionViewCell.swift; path = Views/TwitterSendMessageCollectionViewCell.swift; sourceTree = "<group>"; };
		21F0FFA41AED09AC00C2BDB6 /* DirectRope.swift */ = {isa = PBXFileReference; fileEncoding = 4; lastKnownFileType = sourcecode.swift; name = DirectRope.swift; path = Entities/DirectRope.swift; sourceTree = "<group>"; };
		21F0FFA71AED1A9000C2BDB6 /* RopeJointAsteroids.swift */ = {isa = PBXFileReference; fileEncoding = 4; lastKnownFileType = sourcecode.swift; name = RopeJointAsteroids.swift; path = Entities/RopeJointAsteroids.swift; sourceTree = "<group>"; };
		21F18EF71C5EA2C400B67264 /* ODRManager.swift */ = {isa = PBXFileReference; fileEncoding = 4; lastKnownFileType = sourcecode.swift; name = ODRManager.swift; path = Model/ODRManager.swift; sourceTree = "<group>"; };
		21F795691B555788003464BF /* SurvivalGameInfo.swift */ = {isa = PBXFileReference; fileEncoding = 4; lastKnownFileType = sourcecode.swift; name = SurvivalGameInfo.swift; path = Model/SurvivalGameInfo.swift; sourceTree = "<group>"; };
		21FA22A21B2AE9A7002539A6 /* StoreKit.framework */ = {isa = PBXFileReference; lastKnownFileType = wrapper.framework; name = StoreKit.framework; path = System/Library/Frameworks/StoreKit.framework; sourceTree = SDKROOT; };
		21FA22A41B2B026E002539A6 /* PopupAnimator.swift */ = {isa = PBXFileReference; fileEncoding = 4; lastKnownFileType = sourcecode.swift; name = PopupAnimator.swift; path = ViewControllers/PopupAnimator.swift; sourceTree = "<group>"; };
		21FB15441C943094001D330E /* TwitterSendSectionHeaderCollectionReusableView.swift */ = {isa = PBXFileReference; fileEncoding = 4; lastKnownFileType = sourcecode.swift; name = TwitterSendSectionHeaderCollectionReusableView.swift; path = Views/TwitterSendSectionHeaderCollectionReusableView.swift; sourceTree = "<group>"; };
		21FC6D7B1AEC0457001D99B6 /* Rope.swift */ = {isa = PBXFileReference; fileEncoding = 4; lastKnownFileType = sourcecode.swift; name = Rope.swift; path = Entities/Rope.swift; sourceTree = "<group>"; };
		21FDB3991C3E6F1000E16379 /* TwitterKit.framework */ = {isa = PBXFileReference; lastKnownFileType = wrapper.framework; path = TwitterKit.framework; sourceTree = SOURCE_ROOT; };
		21FDB39A1C3E6F1000E16379 /* TwitterKitResources.bundle */ = {isa = PBXFileReference; lastKnownFileType = "wrapper.plug-in"; name = TwitterKitResources.bundle; path = TwitterKit.framework/Versions/A/Resources/TwitterKitResources.bundle; sourceTree = SOURCE_ROOT; };
		21FDB39B1C3E6F1000E16379 /* TwitterCore.framework */ = {isa = PBXFileReference; lastKnownFileType = wrapper.framework; path = TwitterCore.framework; sourceTree = SOURCE_ROOT; };
		21FDB39F1C3E7FA900E16379 /* TwitterFriendsViewController.swift */ = {isa = PBXFileReference; fileEncoding = 4; lastKnownFileType = sourcecode.swift; name = TwitterFriendsViewController.swift; path = ViewControllers/TwitterFriendsViewController.swift; sourceTree = "<group>"; };
		21FF6C111B51724F00256A63 /* backgroundMusic.mp3 */ = {isa = PBXFileReference; lastKnownFileType = audio.mp3; path = backgroundMusic.mp3; sourceTree = "<group>"; };
		21FFA04A1AE697A700EF3EDC /* ProgressTimerNode.swift */ = {isa = PBXFileReference; fileEncoding = 4; lastKnownFileType = sourcecode.swift; name = ProgressTimerNode.swift; path = Entities/ProgressTimerNode.swift; sourceTree = "<group>"; };
		21FFA04C1AE69A6900EF3EDC /* DigitNode.swift */ = {isa = PBXFileReference; fileEncoding = 4; lastKnownFileType = sourcecode.swift; name = DigitNode.swift; path = Entities/DigitNode.swift; sourceTree = "<group>"; };
		21FFA04E1AE6EAAE00EF3EDC /* RegularAsteroid.swift */ = {isa = PBXFileReference; fileEncoding = 4; lastKnownFileType = sourcecode.swift; name = RegularAsteroid.swift; path = Entities/RegularAsteroid.swift; sourceTree = "<group>"; };
		21FFEAE31AD5E216000115F6 /* JackACrasher.app */ = {isa = PBXFileReference; explicitFileType = wrapper.application; includeInIndex = 0; path = JackACrasher.app; sourceTree = BUILT_PRODUCTS_DIR; };
		21FFEAE71AD5E216000115F6 /* Info.plist */ = {isa = PBXFileReference; lastKnownFileType = text.plist.xml; path = Info.plist; sourceTree = "<group>"; };
		21FFEAE81AD5E216000115F6 /* AppDelegate.swift */ = {isa = PBXFileReference; lastKnownFileType = sourcecode.swift; path = AppDelegate.swift; sourceTree = "<group>"; };
		21FFEAEC1AD5E216000115F6 /* GameScene.swift */ = {isa = PBXFileReference; lastKnownFileType = sourcecode.swift; path = GameScene.swift; sourceTree = "<group>"; };
		21FFEAEE1AD5E216000115F6 /* GameViewController.swift */ = {isa = PBXFileReference; lastKnownFileType = sourcecode.swift; path = GameViewController.swift; sourceTree = "<group>"; };
		21FFEAF61AD5E216000115F6 /* Base */ = {isa = PBXFileReference; lastKnownFileType = file.xib; name = Base; path = Base.lproj/LaunchScreen.xib; sourceTree = "<group>"; };
		21FFEAFC1AD5E216000115F6 /* JackACrasherTests.xctest */ = {isa = PBXFileReference; explicitFileType = wrapper.cfbundle; includeInIndex = 0; path = JackACrasherTests.xctest; sourceTree = BUILT_PRODUCTS_DIR; };
		21FFEB011AD5E216000115F6 /* Info.plist */ = {isa = PBXFileReference; lastKnownFileType = text.plist.xml; path = Info.plist; sourceTree = "<group>"; };
		21FFEB021AD5E216000115F6 /* JackACrasherTests.swift */ = {isa = PBXFileReference; lastKnownFileType = sourcecode.swift; path = JackACrasherTests.swift; sourceTree = "<group>"; };
		A65976EF1C6DEC9000178FC3 /* Bolts.framework */ = {isa = PBXFileReference; lastKnownFileType = wrapper.framework; path = Bolts.framework; sourceTree = SOURCE_ROOT; };
		A65976F01C6DEC9000178FC3 /* FacebookSDKStrings.bundle */ = {isa = PBXFileReference; lastKnownFileType = "wrapper.plug-in"; path = FacebookSDKStrings.bundle; sourceTree = SOURCE_ROOT; };
		A65976F11C6DEC9000178FC3 /* FBSDKCoreKit.framework */ = {isa = PBXFileReference; lastKnownFileType = wrapper.framework; path = FBSDKCoreKit.framework; sourceTree = SOURCE_ROOT; };
		A65976F21C6DEC9000178FC3 /* FBSDKLoginKit.framework */ = {isa = PBXFileReference; lastKnownFileType = wrapper.framework; path = FBSDKLoginKit.framework; sourceTree = SOURCE_ROOT; };
		A65976F31C6DEC9000178FC3 /* FBSDKShareKit.framework */ = {isa = PBXFileReference; lastKnownFileType = wrapper.framework; path = FBSDKShareKit.framework; sourceTree = SOURCE_ROOT; };
		A6627EB31C7CEC5000F968E6 /* TwitterUser+CoreDataProperties.swift */ = {isa = PBXFileReference; fileEncoding = 4; lastKnownFileType = sourcecode.swift; path = "TwitterUser+CoreDataProperties.swift"; sourceTree = "<group>"; };
		A6766A9A1C74781E00517D50 /* SignalCounter.swift */ = {isa = PBXFileReference; fileEncoding = 4; lastKnownFileType = sourcecode.swift; path = SignalCounter.swift; sourceTree = "<group>"; };
		A695CF1D1C8373980049F178 /* ProgressHDViewController.swift */ = {isa = PBXFileReference; fileEncoding = 4; lastKnownFileType = sourcecode.swift; path = ProgressHDViewController.swift; sourceTree = "<group>"; };
/* End PBXFileReference section */

/* Begin PBXFrameworksBuildPhase section */
		21FFEAE01AD5E216000115F6 /* Frameworks */ = {
			isa = PBXFrameworksBuildPhase;
			buildActionMask = 2147483647;
			files = (
				210464D81C0F1B4D00326FDD /* SafariServices.framework in Frameworks */,
				21CEEFAB1B9CCB2D008937A2 /* iAd.framework in Frameworks */,
				A65976F81C6DEC9000178FC3 /* FBSDKShareKit.framework in Frameworks */,
				2171B32B1B7B9F46007733BA /* Social.framework in Frameworks */,
				2163A8C31B3BE6C5003253C5 /* CloudKit.framework in Frameworks */,
				212A2F241B36F24400B31482 /* libssl.a in Frameworks */,
				21CCA14E1B0A881C004419A2 /* GameKit.framework in Frameworks */,
				21FDB39E1C3E6F1000E16379 /* TwitterCore.framework in Frameworks */,
				21FA22A31B2AE9A7002539A6 /* StoreKit.framework in Frameworks */,
				21FDB39C1C3E6F1000E16379 /* TwitterKit.framework in Frameworks */,
				210CE8741B8BC93C00C9F288 /* VKSdk.framework in Frameworks */,
				A65976F61C6DEC9000178FC3 /* FBSDKCoreKit.framework in Frameworks */,
				212A2F221B36F24400B31482 /* libcrypto.a in Frameworks */,
				212390C21BF6364B00B79B33 /* Crashlytics.framework in Frameworks */,
				212390C11BF6364B00B79B33 /* Fabric.framework in Frameworks */,
				A65976F71C6DEC9000178FC3 /* FBSDKLoginKit.framework in Frameworks */,
				A65976F41C6DEC9000178FC3 /* Bolts.framework in Frameworks */,
			);
			runOnlyForDeploymentPostprocessing = 0;
		};
		21FFEAF91AD5E216000115F6 /* Frameworks */ = {
			isa = PBXFrameworksBuildPhase;
			buildActionMask = 2147483647;
			files = (
				212A2F251B36F24400B31482 /* libssl.a in Frameworks */,
				212A2F231B36F24400B31482 /* libcrypto.a in Frameworks */,
			);
			runOnlyForDeploymentPostprocessing = 0;
		};
/* End PBXFrameworksBuildPhase section */

/* Begin PBXGroup section */
		210464D21C0EF19400326FDD /* SocialNetworks */ = {
			isa = PBXGroup;
			children = (
				216DDA821C48BA2B00331F5B /* TwitterManager.swift */,
				210464CE1C0EF06300326FDD /* SNManager.swift */,
				210464D01C0EF08900326FDD /* FBManager.swift */,
				210464D31C0EFB4800326FDD /* SNFriendInfo.swift */,
				2169D2C41C4C069F00551DFF /* ExpandedTwitterUser.swift */,
			);
			name = SocialNetworks;
			sourceTree = "<group>";
		};
		210C0B4C1B3577D100759382 /* IAP */ = {
			isa = PBXGroup;
			children = (
				210EA9C81B26D54100C69D29 /* PurchaseManager.swift */,
				212A2F3D1B37317600B31482 /* IAPReceiptValidator.h */,
				212A2F3E1B37317600B31482 /* IAPReceiptValidator.m */,
				210C0B4D1B357ABF00759382 /* IAPProduct.swift */,
				210C0B4F1B357AFB00759382 /* IAPProductInfo.swift */,
			);
			name = IAP;
			sourceTree = "<group>";
		};
		211173D81C21B1A2002A72A0 /* Layers */ = {
			isa = PBXGroup;
			children = (
				211173D91C21B1CF002A72A0 /* JCStartLayer.swift */,
			);
			name = Layers;
			sourceTree = "<group>";
		};
		214007A51B0D2D1A00072C9F /* Nodes */ = {
			isa = PBXGroup;
			children = (
				214007A61B0D2D2A00072C9F /* Score */,
				219A6D211AFABCA300A63E7F /* HUD */,
			);
			name = Nodes;
			sourceTree = "<group>";
		};
		214007A61B0D2D2A00072C9F /* Score */ = {
			isa = PBXGroup;
			children = (
				214007A71B0D2E2900072C9F /* ScoreNode.swift */,
			);
			name = Score;
			sourceTree = "<group>";
		};
		215A5D211AD6792B00F136D3 /* Model */ = {
			isa = PBXGroup;
			children = (
				21CDE8EE1C4443AC0090EE53 /* Database */,
				2163A8C41B3BEA60003253C5 /* iCloud */,
				210C0B4C1B3577D100759382 /* IAP */,
				216A433F1B5FB7D6003B1035 /* Generators */,
				216A43401B5FB7E1003B1035 /* Managers */,
				212A2F261B36F45F00B31482 /* JackACrasherTests-Bridging-Header.h */,
				210EA9CE1B26FD6E00C69D29 /* JackACrasher-Bridging-Header.h */,
				21F795691B555788003464BF /* SurvivalGameInfo.swift */,
				A6766A9A1C74781E00517D50 /* SignalCounter.swift */,
			);
			name = Model;
			sourceTree = "<group>";
		};
		2163A8C41B3BEA60003253C5 /* iCloud */ = {
			isa = PBXGroup;
			children = (
				2163A8C51B3BEF9E003253C5 /* CloudUserInfo.swift */,
				2163A8C71B3BFF39003253C5 /* CloudManager.swift */,
			);
			name = iCloud;
			sourceTree = "<group>";
		};
		216A24571C941EE60067CC17 /* Twitter */ = {
			isa = PBXGroup;
			children = (
				21FDB39F1C3E7FA900E16379 /* TwitterFriendsViewController.swift */,
				216A24551C941EB70067CC17 /* TwitterFriendsSendViewController.swift */,
			);
			name = Twitter;
			sourceTree = "<group>";
		};
		216A433F1B5FB7D6003B1035 /* Generators */ = {
			isa = PBXGroup;
			children = (
				21BF7A621ADF15A5003F9B93 /* AsteroidGenerator.swift */,
				216A43411B5FB820003B1035 /* EnemiesGenerator.swift */,
			);
			name = Generators;
			sourceTree = "<group>";
		};
		216A43401B5FB7E1003B1035 /* Managers */ = {
			isa = PBXGroup;
			children = (
				21CDE8EF1C4448DE0090EE53 /* DBManager.swift */,
				218F24B21B35AF56008C085F /* NetworkManager.swift */,
				218B375B1B02959A00B9085C /* GameLogicManager.swift */,
				215A5D221AD67B5D00F136D3 /* AsteroidManager.swift */,
				21C1FA031B0A67D900C514B0 /* GameCenterManager.swift */,
				2199B6871AE3FF7700DDDB9F /* SoundManager.swift */,
				21F18EF71C5EA2C400B67264 /* ODRManager.swift */,
			);
			name = Managers;
			sourceTree = "<group>";
		};
		217340FB1AFE5124009E934A /* Scenes */ = {
			isa = PBXGroup;
			children = (
				21FFEAEC1AD5E216000115F6 /* GameScene.swift */,
				217340FF1AFE54AB009E934A /* GameOverScene.sks */,
				217341011AFE54C1009E934A /* GameOverScene.swift */,
				21E053061BCEAF2E00F7E4AD /* SCNScene */,
			);
			name = Scenes;
			sourceTree = "<group>";
		};
		217340FC1AFE5211009E934A /* ViewControllers */ = {
			isa = PBXGroup;
			children = (
				A695CF1D1C8373980049F178 /* ProgressHDViewController.swift */,
				21CCA1491B0A8346004419A2 /* JackACrasherNavigationController.swift */,
				21FFEAEE1AD5E216000115F6 /* GameViewController.swift */,
				217340FD1AFE5267009E934A /* GameOverViewController.swift */,
				2118AD0A1AFFE88100067348 /* GameMainViewController.swift */,
				21103F811B289A39007D8649 /* ShopDetailsViewController.swift */,
				2138E0B71B65112300FFD118 /* PauseReturnViewController.swift */,
				21BF9C271B89E0A60002AEAC /* HelpViewController.swift */,
				21DE02551C67A890002C77EA /* ProgressViewController.swift */,
			);
			name = ViewControllers;
			sourceTree = "<group>";
		};
		217CF4DF1B285BD500F67D33 /* Transitions&Presentations */ = {
			isa = PBXGroup;
			children = (
				217CF4DD1B2859FD00F67D33 /* PopUpTransitioningDelegate.swift */,
				21FA22A41B2B026E002539A6 /* PopupAnimator.swift */,
				216490FE1B2EDEBD0097BC4B /* PopupPresentationController.swift */,
				2138E0B91B65227C00FFD118 /* ReturnPauseTransitionDelegate.swift */,
				2138E0BB1B65607300FFD118 /* ReturnPausePopUpAnimator.swift */,
			);
			name = "Transitions&Presentations";
			sourceTree = "<group>";
		};
		218D5A811B317C5B007ABE63 /* Categories */ = {
			isa = PBXGroup;
			children = (
				218D5A821B317C7F007ABE63 /* UIViewControllerExtensions.swift */,
				211BFC901B34872A0053ED9A /* FileManagerExtensions.swift */,
			);
			name = Categories;
			sourceTree = "<group>";
		};
		2199B6821AE3FEF100DDDB9F /* Sounds */ = {
			isa = PBXGroup;
			children = (
				217360F81B87260C00713E82 /* lap.wav */,
				21FF6C111B51724F00256A63 /* backgroundMusic.mp3 */,
				21CFBCA61B10A1B1009EDA3E /* button_press.wav */,
				217341031AFE5674009E934A /* lose.wav */,
				2199B6831AE3FF2B00DDDB9F /* explosion_large.wav */,
				2199B6841AE3FF2B00DDDB9F /* explosion_small.wav */,
			);
			name = Sounds;
			sourceTree = "<group>";
		};
		2199B6891AE4470100DDDB9F /* Utils */ = {
			isa = PBXGroup;
			children = (
				2105AE501B8868ED00DDB0CC /* Constants.swift */,
				2199B68A1AE4474D00DDDB9F /* Extensions.swift */,
				21068A391AE555DB007398B5 /* Utils.swift */,
				21AF8C181B1CEA9100B9E6D2 /* CustomTransitionSegue.swift */,
			);
			name = Utils;
			sourceTree = "<group>";
		};
		219A6D211AFABCA300A63E7F /* HUD */ = {
			isa = PBXGroup;
			children = (
				219A6D221AFABCC400A63E7F /* HUDNode.swift */,
			);
			name = HUD;
			sourceTree = "<group>";
		};
		21B2C99A1B85281F0008FEED /* External */ = {
			isa = PBXGroup;
			children = (
				212A24931C9344CD009384D6 /* UIScrollView+Refresh.m */,
				212A24941C9344CD009384D6 /* UIScrollView+Refresh.h */,
				2105AE521B8881DA00DDB0CC /* NORLabelNode.h */,
				2105AE531B8881DA00DDB0CC /* NORLabelNode.m */,
			);
			name = External;
			sourceTree = "<group>";
		};
		21CDE8EE1C4443AC0090EE53 /* Database */ = {
			isa = PBXGroup;
			children = (
				A6627EB31C7CEC5000F968E6 /* TwitterUser+CoreDataProperties.swift */,
				214002391C5226E00035574E /* TwitterId+CoreDataProperties.swift */,
				21CDE8F21C4451630090EE53 /* TwitterId.swift */,
				21CDE8F41C4451630090EE53 /* TwitterUser.swift */,
				21CDE8EB1C4443A30090EE53 /* DBModel.xcdatamodeld */,
			);
			name = Database;
			sourceTree = "<group>";
		};
		21DDE5471B6A59AD00B41A91 /* Enemies */ = {
			isa = PBXGroup;
			children = (
				21DDE5481B6A5A6300B41A91 /* Bomb.swift */,
				21DDE54A1B6A619E00B41A91 /* AIBomb.swift */,
				212B55FB1B8E544200B816FD /* KamikadzeSpaceShip.swift */,
				21C3561A1B766E37009BE4F1 /* EnemySpaceShip.swift */,
				21E5D2BF1B79193700D7E614 /* MotionlessEnemySpaceShip.swift */,
			);
			name = Enemies;
			sourceTree = "<group>";
		};
		21DEA0CF1AFD1761004FF5D7 /* Views */ = {
			isa = PBXGroup;
			children = (
				211173D81C21B1A2002A72A0 /* Layers */,
				2118AD0C1B00B14C00067348 /* RoundCornerButton.swift */,
				210078D01B298A3900CAF837 /* ShopDetailsCollectionViewCell.swift */,
			);
			name = Views;
			sourceTree = "<group>";
		};
		21E053061BCEAF2E00F7E4AD /* SCNScene */ = {
			isa = PBXGroup;
			children = (
				21E053041BCEAF2700F7E4AD /* PyramidScene.swift */,
			);
			name = SCNScene;
			sourceTree = "<group>";
		};
		21E56B301ADA93C10071A217 /* Particles */ = {
			isa = PBXGroup;
			children = (
				212B55F91B8E52F400B816FD /* enemyDeath.sks */,
				21948BBF1B1DCE7300C438F6 /* ProjectileSplat.sks */,
				21948BBD1B1DBAE000C438F6 /* Damage.sks */,
				211C4C6F1B16FFA4005F50B8 /* Fire.sks */,
				2192CCE11AF6574800518F97 /* realStar.png */,
				2192CCDF1AF6567E00518F97 /* Spawn.sks */,
				211243641AEAF1D3006B5487 /* CrystalRepresentation.sks */,
				211243621AEAE07A006B5487 /* Explosion.sks */,
				211243601AEAE070006B5487 /* Rock.png */,
				21CFBCA81B10AAB6009EDA3E /* star_small.png */,
				21E56B2C1ADA93BB0071A217 /* Engine.sks */,
				21DC553C1AF42DB60083210D /* Sparky.sks */,
				21E56B2D1ADA93BB0071A217 /* spark.png */,
				21689F641ADAD696001456D6 /* BGStarts.sks */,
				21B0078F1B72321B001B1F7B /* TransmitterLaser.sks */,
			);
			name = Particles;
			path = ..;
			sourceTree = "<group>";
		};
		21E56B331ADA9C2E0071A217 /* Entities */ = {
			isa = PBXGroup;
			children = (
				21DDE5471B6A59AD00B41A91 /* Enemies */,
				216A433B1B5FA4F7003B1035 /* BlackHole.swift */,
				21E56B311ADA9C2A0071A217 /* Player.swift */,
				210DD8151AE3CBAA0092DD39 /* Explosion.swift */,
				21F0FFA91AED1A9C00C2BDB6 /* TextOnAsteroid */,
				21F0FFA71AED1A9000C2BDB6 /* RopeJointAsteroids.swift */,
				21FFA04E1AE6EAAE00EF3EDC /* RegularAsteroid.swift */,
				21F0FFA61AED09B300C2BDB6 /* Rope */,
				219A68AF1B70AFB500CE6F07 /* Transmitter.swift */,
				2188A5CE1B9F9FB900612BEC /* SWBlade.swift */,
			);
			name = Entities;
			sourceTree = "<group>";
		};
		21F0FFA61AED09B300C2BDB6 /* Rope */ = {
			isa = PBXGroup;
			children = (
				21FC6D7B1AEC0457001D99B6 /* Rope.swift */,
				21F0FFA41AED09AC00C2BDB6 /* DirectRope.swift */,
			);
			name = Rope;
			sourceTree = "<group>";
		};
		21F0FFA91AED1A9C00C2BDB6 /* TextOnAsteroid */ = {
			isa = PBXGroup;
			children = (
				21FFA04A1AE697A700EF3EDC /* ProgressTimerNode.swift */,
				21FFA04C1AE69A6900EF3EDC /* DigitNode.swift */,
			);
			name = TextOnAsteroid;
			sourceTree = "<group>";
		};
		21FB15411C942FE5001D330E /* Twitter */ = {
			isa = PBXGroup;
			children = (
				21FB15431C94305B001D330E /* Send */,
				2100E6351C3ED2DF00DB56B7 /* TwitterFriendsViewLayout.swift */,
				21BD57ED1C413EE000DD34C2 /* TwitterFriendCollectionViewCell.swift */,
			);
			name = Twitter;
			sourceTree = "<group>";
		};
		21FB15431C94305B001D330E /* Send */ = {
			isa = PBXGroup;
			children = (
				21FB15441C943094001D330E /* TwitterSendSectionHeaderCollectionReusableView.swift */,
				21E895891C9435CB00149BCF /* TwitterSendMessageCollectionViewCell.swift */,
				21478AC51C95E54A00AB996E /* TwitterSendCollectionViewCell.swift */,
			);
			name = Send;
			sourceTree = "<group>";
		};
		21FFEADA1AD5E216000115F6 = {
			isa = PBXGroup;
			children = (
				21FFEAE51AD5E216000115F6 /* JackACrasher */,
				21FFEAFF1AD5E216000115F6 /* JackACrasherTests */,
				21FFEAE41AD5E216000115F6 /* Products */,
			);
			sourceTree = "<group>";
		};
		21FFEAE41AD5E216000115F6 /* Products */ = {
			isa = PBXGroup;
			children = (
				21FFEAE31AD5E216000115F6 /* JackACrasher.app */,
				21FFEAFC1AD5E216000115F6 /* JackACrasherTests.xctest */,
			);
			name = Products;
			sourceTree = "<group>";
		};
		21FFEAE51AD5E216000115F6 /* JackACrasher */ = {
			isa = PBXGroup;
			children = (
				21B2C99A1B85281F0008FEED /* External */,
				2163A8C11B3BE6B4003253C5 /* JackACrasher.entitlements */,
				218D5A811B317C5B007ABE63 /* Categories */,
				214007A51B0D2D1A00072C9F /* Nodes */,
				217340FB1AFE5124009E934A /* Scenes */,
				21DEA0CF1AFD1761004FF5D7 /* Views */,
				2199B6891AE4470100DDDB9F /* Utils */,
				2199B6821AE3FEF100DDDB9F /* Sounds */,
				21E56B301ADA93C10071A217 /* Particles */,
				215A5D211AD6792B00F136D3 /* Model */,
				21E56B331ADA9C2E0071A217 /* Entities */,
				217340FC1AFE5211009E934A /* ViewControllers */,
				217CF4DF1B285BD500F67D33 /* Transitions&Presentations */,
				21FFEAE81AD5E216000115F6 /* AppDelegate.swift */,
				21FFEAF01AD5E216000115F6 /* Main.storyboard */,
				21FFEAF51AD5E216000115F6 /* LaunchScreen.xib */,
				21FFEAE61AD5E216000115F6 /* Supporting Files */,
				21E56B341ADA9D8F0071A217 /* Images.xcassets */,
				211F5FDF1BF0E700008591D7 /* Localizable.strings */,
			);
			path = JackACrasher;
			sourceTree = "<group>";
		};
		21FFEAE61AD5E216000115F6 /* Supporting Files */ = {
			isa = PBXGroup;
			children = (
				A65976EF1C6DEC9000178FC3 /* Bolts.framework */,
				A65976F01C6DEC9000178FC3 /* FacebookSDKStrings.bundle */,
				A65976F11C6DEC9000178FC3 /* FBSDKCoreKit.framework */,
				A65976F21C6DEC9000178FC3 /* FBSDKLoginKit.framework */,
				A65976F31C6DEC9000178FC3 /* FBSDKShareKit.framework */,
				21FDB3991C3E6F1000E16379 /* TwitterKit.framework */,
				21FDB39A1C3E6F1000E16379 /* TwitterKitResources.bundle */,
				21FDB39B1C3E6F1000E16379 /* TwitterCore.framework */,
				210464D71C0F1B4D00326FDD /* SafariServices.framework */,
				212390BF1BF6364B00B79B33 /* Fabric.framework */,
				212390C01BF6364B00B79B33 /* Crashlytics.framework */,
				21CEEFAA1B9CCB2D008937A2 /* iAd.framework */,
				210CE8731B8BC93C00C9F288 /* VKSdk.framework */,
				210CE8701B8BC7B900C9F288 /* VKSdkResources.bundle */,
				212A2F2A1B36F98700B31482 /* AppleIncRootCertificate.cer */,
				212A2F201B36F24400B31482 /* libcrypto.a */,
				212A2F211B36F24400B31482 /* libssl.a */,
				210EA9CC1B26E00400C69D29 /* ProductsInfo.plist */,
				2171B32A1B7B9F46007733BA /* Social.framework */,
				2163A8C21B3BE6C5003253C5 /* CloudKit.framework */,
				21FA22A21B2AE9A7002539A6 /* StoreKit.framework */,
				21CCA14D1B0A881C004419A2 /* GameKit.framework */,
				21DEA0D41AFD3037004FF5D7 /* Game_Robot.ttf */,
				21FFEAE71AD5E216000115F6 /* Info.plist */,
				2116A1EA1BF1597200CC45F0 /* InfoPlist.strings */,
			);
			name = "Supporting Files";
			sourceTree = "<group>";
		};
		21FFEAFF1AD5E216000115F6 /* JackACrasherTests */ = {
			isa = PBXGroup;
			children = (
				21FFEB021AD5E216000115F6 /* JackACrasherTests.swift */,
				21FFEB001AD5E216000115F6 /* Supporting Files */,
			);
			path = JackACrasherTests;
			sourceTree = "<group>";
		};
		21FFEB001AD5E216000115F6 /* Supporting Files */ = {
			isa = PBXGroup;
			children = (
				21FFEB011AD5E216000115F6 /* Info.plist */,
			);
			name = "Supporting Files";
			sourceTree = "<group>";
		};
/* End PBXGroup section */

/* Begin PBXNativeTarget section */
		21FFEAE21AD5E216000115F6 /* JackACrasher */ = {
			isa = PBXNativeTarget;
			buildConfigurationList = 21FFEB061AD5E216000115F6 /* Build configuration list for PBXNativeTarget "JackACrasher" */;
			buildPhases = (
				21FFEADF1AD5E216000115F6 /* Sources */,
				21FFEAE01AD5E216000115F6 /* Frameworks */,
				21FFEAE11AD5E216000115F6 /* Resources */,
				212390BE1BF6362D00B79B33 /* ShellScript */,
			);
			buildRules = (
			);
			dependencies = (
			);
			name = JackACrasher;
			productName = JackACrasher;
			productReference = 21FFEAE31AD5E216000115F6 /* JackACrasher.app */;
			productType = "com.apple.product-type.application";
		};
		21FFEAFB1AD5E216000115F6 /* JackACrasherTests */ = {
			isa = PBXNativeTarget;
			buildConfigurationList = 21FFEB091AD5E216000115F6 /* Build configuration list for PBXNativeTarget "JackACrasherTests" */;
			buildPhases = (
				21FFEAF81AD5E216000115F6 /* Sources */,
				21FFEAF91AD5E216000115F6 /* Frameworks */,
				21FFEAFA1AD5E216000115F6 /* Resources */,
			);
			buildRules = (
			);
			dependencies = (
				21FFEAFE1AD5E216000115F6 /* PBXTargetDependency */,
			);
			name = JackACrasherTests;
			productName = JackACrasherTests;
			productReference = 21FFEAFC1AD5E216000115F6 /* JackACrasherTests.xctest */;
			productType = "com.apple.product-type.bundle.unit-test";
		};
/* End PBXNativeTarget section */

/* Begin PBXProject section */
		21FFEADB1AD5E216000115F6 /* Project object */ = {
			isa = PBXProject;
			attributes = {
				KnownAssetTags = (
					Help,
					IAP,
					Sound,
				);
				LastSwiftUpdateCheck = 0700;
				LastUpgradeCheck = 0700;
				ORGANIZATIONNAME = "Siarhei Yakushevich";
				TargetAttributes = {
					21FFEAE21AD5E216000115F6 = {
						CreatedOnToolsVersion = 6.2;
						DevelopmentTeam = 44P2L32FL4;
						SystemCapabilities = {
							com.apple.GameCenter = {
								enabled = 1;
							};
							com.apple.InAppPurchase = {
								enabled = 1;
							};
							com.apple.iCloud = {
								enabled = 1;
							};
						};
					};
					21FFEAFB1AD5E216000115F6 = {
						CreatedOnToolsVersion = 6.2;
						TestTargetID = 21FFEAE21AD5E216000115F6;
					};
				};
			};
			buildConfigurationList = 21FFEADE1AD5E216000115F6 /* Build configuration list for PBXProject "JackACrasher" */;
			compatibilityVersion = "Xcode 3.2";
			developmentRegion = English;
			hasScannedForEncodings = 0;
			knownRegions = (
				en,
				Base,
				ru,
			);
			mainGroup = 21FFEADA1AD5E216000115F6;
			productRefGroup = 21FFEAE41AD5E216000115F6 /* Products */;
			projectDirPath = "";
			projectRoot = "";
			targets = (
				21FFEAE21AD5E216000115F6 /* JackACrasher */,
				21FFEAFB1AD5E216000115F6 /* JackACrasherTests */,
			);
		};
/* End PBXProject section */

/* Begin PBXResourcesBuildPhase section */
		21FFEAE11AD5E216000115F6 /* Resources */ = {
			isa = PBXResourcesBuildPhase;
			buildActionMask = 2147483647;
			files = (
				217695001C66347200C4DFE9 /* ProductsInfo.plist in Resources */,
				211243651AEAF1D3006B5487 /* CrystalRepresentation.sks in Resources */,
				21CFBCA71B10A1B1009EDA3E /* button_press.wav in Resources */,
				211C4C701B16FFA4005F50B8 /* Fire.sks in Resources */,
				217341041AFE5674009E934A /* lose.wav in Resources */,
				2116A1E81BF1597200CC45F0 /* InfoPlist.strings in Resources */,
				210CE8721B8BC7B900C9F288 /* VKSdkResources.bundle in Resources */,
				217360F91B87260C00713E82 /* lap.wav in Resources */,
				A65976F51C6DEC9000178FC3 /* FacebookSDKStrings.bundle in Resources */,
				2192CCE01AF6567E00518F97 /* Spawn.sks in Resources */,
				21DC553D1AF42DB60083210D /* Sparky.sks in Resources */,
				2199B6851AE3FF2B00DDDB9F /* explosion_large.wav in Resources */,
				21948BC01B1DCE7300C438F6 /* ProjectileSplat.sks in Resources */,
				21948BBE1B1DBAE000C438F6 /* Damage.sks in Resources */,
				21FFEAF71AD5E216000115F6 /* LaunchScreen.xib in Resources */,
				21DEA0D51AFD3037004FF5D7 /* Game_Robot.ttf in Resources */,
				21CFBCA91B10AAB6009EDA3E /* star_small.png in Resources */,
				217341001AFE54AB009E934A /* GameOverScene.sks in Resources */,
				211F5FDD1BF0E700008591D7 /* Localizable.strings in Resources */,
				212B55FA1B8E52F400B816FD /* enemyDeath.sks in Resources */,
				2192CCE21AF6574800518F97 /* realStar.png in Resources */,
				211243611AEAE070006B5487 /* Rock.png in Resources */,
				211243631AEAE07A006B5487 /* Explosion.sks in Resources */,
				21E56B2F1ADA93BB0071A217 /* spark.png in Resources */,
				21B007901B72321B001B1F7B /* TransmitterLaser.sks in Resources */,
				21FDB39D1C3E6F1000E16379 /* TwitterKitResources.bundle in Resources */,
				21E56B351ADA9D8F0071A217 /* Images.xcassets in Resources */,
				21FF6C121B51724F00256A63 /* backgroundMusic.mp3 in Resources */,
				21FFEAF21AD5E216000115F6 /* Main.storyboard in Resources */,
				2199B6861AE3FF2B00DDDB9F /* explosion_small.wav in Resources */,
				21E56B2E1ADA93BB0071A217 /* Engine.sks in Resources */,
				212A2F2B1B36F98700B31482 /* AppleIncRootCertificate.cer in Resources */,
				21689F651ADAD696001456D6 /* BGStarts.sks in Resources */,
			);
			runOnlyForDeploymentPostprocessing = 0;
		};
		21FFEAFA1AD5E216000115F6 /* Resources */ = {
			isa = PBXResourcesBuildPhase;
			buildActionMask = 2147483647;
			files = (
			);
			runOnlyForDeploymentPostprocessing = 0;
		};
/* End PBXResourcesBuildPhase section */

/* Begin PBXShellScriptBuildPhase section */
		212390BE1BF6362D00B79B33 /* ShellScript */ = {
			isa = PBXShellScriptBuildPhase;
			buildActionMask = 2147483647;
			files = (
			);
			inputPaths = (
			);
			outputPaths = (
			);
			runOnlyForDeploymentPostprocessing = 0;
			shellPath = /bin/sh;
			shellScript = "./Fabric.framework/run e352f5b447cd421c290f4b320fb95db6e5e74213 908e8b3d8e40a5d99270247a65460d6cf60179fc7f733a4fbe1e203ccbfe9015";
		};
/* End PBXShellScriptBuildPhase section */

/* Begin PBXSourcesBuildPhase section */
		21FFEADF1AD5E216000115F6 /* Sources */ = {
			isa = PBXSourcesBuildPhase;
			buildActionMask = 2147483647;
			files = (
				2100E6361C3ED2DF00DB56B7 /* TwitterFriendsViewLayout.swift in Sources */,
				218F24B31B35AF56008C085F /* NetworkManager.swift in Sources */,
				21FFEAED1AD5E216000115F6 /* GameScene.swift in Sources */,
				A6766A9B1C74781E00517D50 /* SignalCounter.swift in Sources */,
				2199B6881AE3FF7700DDDB9F /* SoundManager.swift in Sources */,
				21E053051BCEAF2700F7E4AD /* PyramidScene.swift in Sources */,
				21F7956A1B555788003464BF /* SurvivalGameInfo.swift in Sources */,
				217340FE1AFE5267009E934A /* GameOverViewController.swift in Sources */,
				21AF8C191B1CEA9100B9E6D2 /* CustomTransitionSegue.swift in Sources */,
				A6627EB41C7CEC5000F968E6 /* TwitterUser+CoreDataProperties.swift in Sources */,
				21CDE8F81C4451630090EE53 /* TwitterUser.swift in Sources */,
				2163A8C61B3BEF9E003253C5 /* CloudUserInfo.swift in Sources */,
				2199B68B1AE4474D00DDDB9F /* Extensions.swift in Sources */,
				210C0B4E1B357ABF00759382 /* IAPProduct.swift in Sources */,
				2163A8C81B3BFF39003253C5 /* CloudManager.swift in Sources */,
				21F0FFA51AED09AC00C2BDB6 /* DirectRope.swift in Sources */,
				210DD8161AE3CBAA0092DD39 /* Explosion.swift in Sources */,
				2105AE541B8881DA00DDB0CC /* NORLabelNode.m in Sources */,
				216A433C1B5FA4F7003B1035 /* BlackHole.swift in Sources */,
				21DE02561C67A890002C77EA /* ProgressViewController.swift in Sources */,
				21FFEAEF1AD5E216000115F6 /* GameViewController.swift in Sources */,
				21C1FA041B0A67D900C514B0 /* GameCenterManager.swift in Sources */,
				21068A3A1AE555DB007398B5 /* Utils.swift in Sources */,
				21E8958A1C9435CB00149BCF /* TwitterSendMessageCollectionViewCell.swift in Sources */,
				216DDA831C48BA2B00331F5B /* TwitterManager.swift in Sources */,
				210464D41C0EFB4800326FDD /* SNFriendInfo.swift in Sources */,
				21FFA04F1AE6EAAE00EF3EDC /* RegularAsteroid.swift in Sources */,
				21CDE8ED1C4443A30090EE53 /* DBModel.xcdatamodeld in Sources */,
				21DDE54B1B6A619E00B41A91 /* AIBomb.swift in Sources */,
				2188A5CF1B9F9FB900612BEC /* SWBlade.swift in Sources */,
				212A2F3F1B37317600B31482 /* IAPReceiptValidator.m in Sources */,
				21CDE8F61C4451630090EE53 /* TwitterId.swift in Sources */,
				217341021AFE54C1009E934A /* GameOverScene.swift in Sources */,
				2169D2C51C4C069F00551DFF /* ExpandedTwitterUser.swift in Sources */,
				216A24561C941EB70067CC17 /* TwitterFriendsSendViewController.swift in Sources */,
				21103F821B289A39007D8649 /* ShopDetailsViewController.swift in Sources */,
				210464CF1C0EF06300326FDD /* SNManager.swift in Sources */,
				2138E0BC1B65607300FFD118 /* ReturnPausePopUpAnimator.swift in Sources */,
				21E5D2C01B79193700D7E614 /* MotionlessEnemySpaceShip.swift in Sources */,
				2138E0BA1B65227C00FFD118 /* ReturnPauseTransitionDelegate.swift in Sources */,
				21BF7A631ADF15A5003F9B93 /* AsteroidGenerator.swift in Sources */,
				216490FF1B2EDEBD0097BC4B /* PopupPresentationController.swift in Sources */,
				218B375C1B02959A00B9085C /* GameLogicManager.swift in Sources */,
				210C0B501B357AFB00759382 /* IAPProductInfo.swift in Sources */,
				215A5D231AD67B5D00F136D3 /* AsteroidManager.swift in Sources */,
				212A24951C9344CD009384D6 /* UIScrollView+Refresh.m in Sources */,
				216A43421B5FB820003B1035 /* EnemiesGenerator.swift in Sources */,
				218D5A831B317C7F007ABE63 /* UIViewControllerExtensions.swift in Sources */,
				2118AD0D1B00B14C00067348 /* RoundCornerButton.swift in Sources */,
				21DDE5491B6A5A6300B41A91 /* Bomb.swift in Sources */,
				214007A81B0D2E2900072C9F /* ScoreNode.swift in Sources */,
				219A68B01B70AFB500CE6F07 /* Transmitter.swift in Sources */,
				21E56B321ADA9C2A0071A217 /* Player.swift in Sources */,
				21CDE8F01C4448DE0090EE53 /* DBManager.swift in Sources */,
				21F0FFA81AED1A9000C2BDB6 /* RopeJointAsteroids.swift in Sources */,
				21478AC61C95E54A00AB996E /* TwitterSendCollectionViewCell.swift in Sources */,
				219A6D231AFABCC400A63E7F /* HUDNode.swift in Sources */,
				2118AD0B1AFFE88100067348 /* GameMainViewController.swift in Sources */,
				210EA9C91B26D54100C69D29 /* PurchaseManager.swift in Sources */,
				21FFA04D1AE69A6900EF3EDC /* DigitNode.swift in Sources */,
				A695CF1E1C8373980049F178 /* ProgressHDViewController.swift in Sources */,
				2140023B1C5226E00035574E /* TwitterId+CoreDataProperties.swift in Sources */,
				2138E0B81B65112300FFD118 /* PauseReturnViewController.swift in Sources */,
				211173DA1C21B1CF002A72A0 /* JCStartLayer.swift in Sources */,
				21BF9C281B89E0A60002AEAC /* HelpViewController.swift in Sources */,
				21FC6D7C1AEC0457001D99B6 /* Rope.swift in Sources */,
				21F18EF81C5EA2C400B67264 /* ODRManager.swift in Sources */,
				21FFEAE91AD5E216000115F6 /* AppDelegate.swift in Sources */,
				211BFC911B34872A0053ED9A /* FileManagerExtensions.swift in Sources */,
				217CF4DE1B2859FD00F67D33 /* PopUpTransitioningDelegate.swift in Sources */,
				21FDB3A01C3E7FA900E16379 /* TwitterFriendsViewController.swift in Sources */,
				21FFA04B1AE697A700EF3EDC /* ProgressTimerNode.swift in Sources */,
				2113C0761C37D6150094BD0F /* InviteFriendsViewController.swift in Sources */,
				21FA22A51B2B026E002539A6 /* PopupAnimator.swift in Sources */,
				21C3561B1B766E37009BE4F1 /* EnemySpaceShip.swift in Sources */,
				21FB15451C943094001D330E /* TwitterSendSectionHeaderCollectionReusableView.swift in Sources */,
				210464D11C0EF08900326FDD /* FBManager.swift in Sources */,
				2105AE511B8868ED00DDB0CC /* Constants.swift in Sources */,
				210078D11B298A3900CAF837 /* ShopDetailsCollectionViewCell.swift in Sources */,
				21CCA14A1B0A8346004419A2 /* JackACrasherNavigationController.swift in Sources */,
				212B55FC1B8E544200B816FD /* KamikadzeSpaceShip.swift in Sources */,
			);
			runOnlyForDeploymentPostprocessing = 0;
		};
		21FFEAF81AD5E216000115F6 /* Sources */ = {
			isa = PBXSourcesBuildPhase;
			buildActionMask = 2147483647;
			files = (
				212A2F401B37317600B31482 /* IAPReceiptValidator.m in Sources */,
				21FFEB031AD5E216000115F6 /* JackACrasherTests.swift in Sources */,
			);
			runOnlyForDeploymentPostprocessing = 0;
		};
/* End PBXSourcesBuildPhase section */

/* Begin PBXTargetDependency section */
		21FFEAFE1AD5E216000115F6 /* PBXTargetDependency */ = {
			isa = PBXTargetDependency;
			target = 21FFEAE21AD5E216000115F6 /* JackACrasher */;
			targetProxy = 21FFEAFD1AD5E216000115F6 /* PBXContainerItemProxy */;
		};
/* End PBXTargetDependency section */

/* Begin PBXVariantGroup section */
		2116A1EA1BF1597200CC45F0 /* InfoPlist.strings */ = {
			isa = PBXVariantGroup;
			children = (
				2116A1E91BF1597200CC45F0 /* Base */,
				2116A1EB1BF1597F00CC45F0 /* ru */,
			);
			name = InfoPlist.strings;
			sourceTree = "<group>";
		};
		211F5FDF1BF0E700008591D7 /* Localizable.strings */ = {
			isa = PBXVariantGroup;
			children = (
				211F5FDE1BF0E700008591D7 /* Base */,
				211F5FE01BF0E708008591D7 /* ru */,
			);
			name = Localizable.strings;
			sourceTree = "<group>";
		};
		21FFEAF01AD5E216000115F6 /* Main.storyboard */ = {
			isa = PBXVariantGroup;
			children = (
				21E396991C57817C0085918C /* Base */,
				21E3969A1C5781820085918C /* ru */,
			);
			name = Main.storyboard;
			sourceTree = "<group>";
		};
		21FFEAF51AD5E216000115F6 /* LaunchScreen.xib */ = {
			isa = PBXVariantGroup;
			children = (
				21FFEAF61AD5E216000115F6 /* Base */,
			);
			name = LaunchScreen.xib;
			sourceTree = "<group>";
		};
/* End PBXVariantGroup section */

/* Begin XCBuildConfiguration section */
		21FFEB041AD5E216000115F6 /* Debug */ = {
			isa = XCBuildConfiguration;
			buildSettings = {
				ALWAYS_SEARCH_USER_PATHS = NO;
				CLANG_CXX_LANGUAGE_STANDARD = "gnu++0x";
				CLANG_CXX_LIBRARY = "libc++";
				CLANG_ENABLE_MODULES = YES;
				CLANG_ENABLE_OBJC_ARC = YES;
				CLANG_WARN_BOOL_CONVERSION = YES;
				CLANG_WARN_CONSTANT_CONVERSION = YES;
				CLANG_WARN_DIRECT_OBJC_ISA_USAGE = YES_ERROR;
				CLANG_WARN_EMPTY_BODY = YES;
				CLANG_WARN_ENUM_CONVERSION = YES;
				CLANG_WARN_INT_CONVERSION = YES;
				CLANG_WARN_OBJC_ROOT_CLASS = YES_ERROR;
				CLANG_WARN_UNREACHABLE_CODE = YES;
				CLANG_WARN__DUPLICATE_METHOD_MATCH = YES;
				"CODE_SIGN_IDENTITY[sdk=iphoneos*]" = "iPhone Developer";
				COPY_PHASE_STRIP = NO;
				ENABLE_STRICT_OBJC_MSGSEND = YES;
				ENABLE_TESTABILITY = YES;
				GCC_C_LANGUAGE_STANDARD = gnu99;
				GCC_DYNAMIC_NO_PIC = NO;
				GCC_OPTIMIZATION_LEVEL = 0;
				GCC_PREPROCESSOR_DEFINITIONS = (
					"DEBUG=1",
					"$(inherited)",
				);
				GCC_SYMBOLS_PRIVATE_EXTERN = NO;
				GCC_WARN_64_TO_32_BIT_CONVERSION = YES;
				GCC_WARN_ABOUT_RETURN_TYPE = YES_ERROR;
				GCC_WARN_UNDECLARED_SELECTOR = YES;
				GCC_WARN_UNINITIALIZED_AUTOS = YES_AGGRESSIVE;
				GCC_WARN_UNUSED_FUNCTION = YES;
				GCC_WARN_UNUSED_VARIABLE = YES;
				IPHONEOS_DEPLOYMENT_TARGET = 9.0;
				MTL_ENABLE_DEBUG_INFO = YES;
				ONLY_ACTIVE_ARCH = YES;
				SDKROOT = iphoneos;
				SWIFT_OPTIMIZATION_LEVEL = "-Onone";
				TARGETED_DEVICE_FAMILY = 1;
			};
			name = Debug;
		};
		21FFEB051AD5E216000115F6 /* Release */ = {
			isa = XCBuildConfiguration;
			buildSettings = {
				ALWAYS_SEARCH_USER_PATHS = NO;
				CLANG_CXX_LANGUAGE_STANDARD = "gnu++0x";
				CLANG_CXX_LIBRARY = "libc++";
				CLANG_ENABLE_MODULES = YES;
				CLANG_ENABLE_OBJC_ARC = YES;
				CLANG_WARN_BOOL_CONVERSION = YES;
				CLANG_WARN_CONSTANT_CONVERSION = YES;
				CLANG_WARN_DIRECT_OBJC_ISA_USAGE = YES_ERROR;
				CLANG_WARN_EMPTY_BODY = YES;
				CLANG_WARN_ENUM_CONVERSION = YES;
				CLANG_WARN_INT_CONVERSION = YES;
				CLANG_WARN_OBJC_ROOT_CLASS = YES_ERROR;
				CLANG_WARN_UNREACHABLE_CODE = YES;
				CLANG_WARN__DUPLICATE_METHOD_MATCH = YES;
				"CODE_SIGN_IDENTITY[sdk=iphoneos*]" = "iPhone Developer";
				COPY_PHASE_STRIP = NO;
				ENABLE_NS_ASSERTIONS = NO;
				ENABLE_STRICT_OBJC_MSGSEND = YES;
				GCC_C_LANGUAGE_STANDARD = gnu99;
				GCC_WARN_64_TO_32_BIT_CONVERSION = YES;
				GCC_WARN_ABOUT_RETURN_TYPE = YES_ERROR;
				GCC_WARN_UNDECLARED_SELECTOR = YES;
				GCC_WARN_UNINITIALIZED_AUTOS = YES_AGGRESSIVE;
				GCC_WARN_UNUSED_FUNCTION = YES;
				GCC_WARN_UNUSED_VARIABLE = YES;
				IPHONEOS_DEPLOYMENT_TARGET = 9.0;
				MTL_ENABLE_DEBUG_INFO = NO;
				SDKROOT = iphoneos;
				TARGETED_DEVICE_FAMILY = 1;
				VALIDATE_PRODUCT = YES;
			};
			name = Release;
		};
		21FFEB071AD5E216000115F6 /* Debug */ = {
			isa = XCBuildConfiguration;
			buildSettings = {
				ASSETCATALOG_COMPILER_APPICON_NAME = AppIcon;
				CLANG_ENABLE_MODULES = YES;
				CODE_SIGN_ENTITLEMENTS = JackACrasher/JackACrasher.entitlements;
				CODE_SIGN_IDENTITY = "iPhone Developer";
				"CODE_SIGN_IDENTITY[sdk=iphoneos*]" = "iPhone Developer";
				EMBED_ASSET_PACKS_IN_PRODUCT_BUNDLE = YES;
				ENABLE_BITCODE = NO;
				FRAMEWORK_SEARCH_PATHS = (
					"$(inherited)",
					"/Users/siarheiy/Downloads/FacebookSDKs-iOS-20150810-2",
					/Users/siarheiy/Documents/FacebookSDK,
					"$(PROJECT_DIR)",
					"$(PROJECT_DIR)/JackACrasher",
				);
				HEADER_SEARCH_PATHS = (
					"$(inherited)",
					/Applications/Xcode.app/Contents/Developer/Toolchains/XcodeDefault.xctoolchain/usr/include,
					./OpenSSL/include,
				);
				INFOPLIST_FILE = JackACrasher/Info.plist;
				IPHONEOS_DEPLOYMENT_TARGET = 9.0;
				LD_RUNPATH_SEARCH_PATHS = "$(inherited) @executable_path/Frameworks";
				LIBRARY_SEARCH_PATHS = (
					./OpenSSL/lib,
					"$(PROJECT_DIR)/OpenSSL/lib",
				);
				ON_DEMAND_RESOURCES_INITIAL_INSTALL_TAGS = Sound;
				PRODUCT_BUNDLE_IDENTIFIER = "com.sygamefun.$(PRODUCT_NAME:rfc1034identifier)";
				PRODUCT_NAME = "$(TARGET_NAME)";
				PROVISIONING_PROFILE = "";
				SWIFT_OBJC_BRIDGING_HEADER = "JackACrasher/JackACrasher-Bridging-Header.h";
				SWIFT_OPTIMIZATION_LEVEL = "-Onone";
				TARGETED_DEVICE_FAMILY = "1,2";
				USER_HEADER_SEARCH_PATHS = ./OpenSSL/include;
			};
			name = Debug;
		};
		21FFEB081AD5E216000115F6 /* Release */ = {
			isa = XCBuildConfiguration;
			buildSettings = {
				ASSETCATALOG_COMPILER_APPICON_NAME = AppIcon;
				CLANG_ENABLE_MODULES = YES;
				CODE_SIGN_ENTITLEMENTS = JackACrasher/JackACrasher.entitlements;
				CODE_SIGN_IDENTITY = "iPhone Distribution";
				"CODE_SIGN_IDENTITY[sdk=iphoneos*]" = "iPhone Distribution";
				ENABLE_BITCODE = NO;
				FRAMEWORK_SEARCH_PATHS = (
					"$(inherited)",
					"/Users/siarheiy/Downloads/FacebookSDKs-iOS-20150810-2",
					/Users/siarheiy/Documents/FacebookSDK,
					"$(PROJECT_DIR)",
					"$(PROJECT_DIR)/JackACrasher",
				);
				HEADER_SEARCH_PATHS = (
					"$(inherited)",
					/Applications/Xcode.app/Contents/Developer/Toolchains/XcodeDefault.xctoolchain/usr/include,
					./OpenSSL/include,
				);
				INFOPLIST_FILE = JackACrasher/Info.plist;
				IPHONEOS_DEPLOYMENT_TARGET = 9.0;
				LD_RUNPATH_SEARCH_PATHS = "$(inherited) @executable_path/Frameworks";
				LIBRARY_SEARCH_PATHS = (
					./OpenSSL/lib,
					"$(PROJECT_DIR)/OpenSSL/lib",
				);
				ON_DEMAND_RESOURCES_INITIAL_INSTALL_TAGS = Sound;
				PRODUCT_BUNDLE_IDENTIFIER = "com.sygamefun.$(PRODUCT_NAME:rfc1034identifier)";
				PRODUCT_NAME = "$(TARGET_NAME)";
				PROVISIONING_PROFILE = "";
				SWIFT_OBJC_BRIDGING_HEADER = "JackACrasher/JackACrasher-Bridging-Header.h";
				TARGETED_DEVICE_FAMILY = "1,2";
				USER_HEADER_SEARCH_PATHS = ./OpenSSL/include;
			};
			name = Release;
		};
		21FFEB0A1AD5E216000115F6 /* Debug */ = {
			isa = XCBuildConfiguration;
			buildSettings = {
				BUNDLE_LOADER = "$(TEST_HOST)";
				CLANG_ENABLE_MODULES = YES;
				FRAMEWORK_SEARCH_PATHS = (
					"$(SDKROOT)/Developer/Library/Frameworks",
					"$(inherited)",
				);
				GCC_PREPROCESSOR_DEFINITIONS = (
					"DEBUG=1",
					"$(inherited)",
				);
				INFOPLIST_FILE = JackACrasherTests/Info.plist;
				LD_RUNPATH_SEARCH_PATHS = "$(inherited) @executable_path/Frameworks @loader_path/Frameworks";
				LIBRARY_SEARCH_PATHS = (
					"$(inherited)",
					"$(PROJECT_DIR)/OpenSSL/lib",
				);
				PRODUCT_BUNDLE_IDENTIFIER = "com.sygamefun.$(PRODUCT_NAME:rfc1034identifier)";
				PRODUCT_NAME = "$(TARGET_NAME)";
				SWIFT_OBJC_BRIDGING_HEADER = "JackACrasher/JackACrasherTests-Bridging-Header.h";
				SWIFT_OPTIMIZATION_LEVEL = "-Onone";
				TEST_HOST = "$(BUILT_PRODUCTS_DIR)/JackACrasher.app/JackACrasher";
			};
			name = Debug;
		};
		21FFEB0B1AD5E216000115F6 /* Release */ = {
			isa = XCBuildConfiguration;
			buildSettings = {
				BUNDLE_LOADER = "$(TEST_HOST)";
				CLANG_ENABLE_MODULES = YES;
				FRAMEWORK_SEARCH_PATHS = (
					"$(SDKROOT)/Developer/Library/Frameworks",
					"$(inherited)",
				);
				INFOPLIST_FILE = JackACrasherTests/Info.plist;
				LD_RUNPATH_SEARCH_PATHS = "$(inherited) @executable_path/Frameworks @loader_path/Frameworks";
				LIBRARY_SEARCH_PATHS = (
					"$(inherited)",
					"$(PROJECT_DIR)/OpenSSL/lib",
				);
				PRODUCT_BUNDLE_IDENTIFIER = "com.sygamefun.$(PRODUCT_NAME:rfc1034identifier)";
				PRODUCT_NAME = "$(TARGET_NAME)";
				SWIFT_OBJC_BRIDGING_HEADER = "JackACrasher/JackACrasherTests-Bridging-Header.h";
				TEST_HOST = "$(BUILT_PRODUCTS_DIR)/JackACrasher.app/JackACrasher";
			};
			name = Release;
		};
/* End XCBuildConfiguration section */

/* Begin XCConfigurationList section */
		21FFEADE1AD5E216000115F6 /* Build configuration list for PBXProject "JackACrasher" */ = {
			isa = XCConfigurationList;
			buildConfigurations = (
				21FFEB041AD5E216000115F6 /* Debug */,
				21FFEB051AD5E216000115F6 /* Release */,
			);
			defaultConfigurationIsVisible = 0;
			defaultConfigurationName = Release;
		};
		21FFEB061AD5E216000115F6 /* Build configuration list for PBXNativeTarget "JackACrasher" */ = {
			isa = XCConfigurationList;
			buildConfigurations = (
				21FFEB071AD5E216000115F6 /* Debug */,
				21FFEB081AD5E216000115F6 /* Release */,
			);
			defaultConfigurationIsVisible = 0;
			defaultConfigurationName = Release;
		};
		21FFEB091AD5E216000115F6 /* Build configuration list for PBXNativeTarget "JackACrasherTests" */ = {
			isa = XCConfigurationList;
			buildConfigurations = (
				21FFEB0A1AD5E216000115F6 /* Debug */,
				21FFEB0B1AD5E216000115F6 /* Release */,
			);
			defaultConfigurationIsVisible = 0;
			defaultConfigurationName = Release;
		};
/* End XCConfigurationList section */

/* Begin XCVersionGroup section */
		21CDE8EB1C4443A30090EE53 /* DBModel.xcdatamodeld */ = {
			isa = XCVersionGroup;
			children = (
				21CDE8EC1C4443A30090EE53 /* DBModel.xcdatamodel */,
			);
			currentVersion = 21CDE8EC1C4443A30090EE53 /* DBModel.xcdatamodel */;
			name = DBModel.xcdatamodeld;
			path = Model/DataBase/DBModel.xcdatamodeld;
			sourceTree = "<group>";
			versionGroupType = wrapper.xcdatamodel;
		};
/* End XCVersionGroup section */
	};
	rootObject = 21FFEADB1AD5E216000115F6 /* Project object */;
}
